
Microsoft Visual Studio Solution File, Format Version 12.00
# Visual Studio 15
VisualStudioVersion = 15.0.26124.0
MinimumVisualStudioVersion = 15.0.26124.0
Project("{2150E333-8FDC-42A3-9474-1A3956D46DE8}") = "src", "src", "{F8285790-7E7C-11EB-852F-BDE8FA0A4A76}"
EndProject
Project("{2150E333-8FDC-42A3-9474-1A3956D46DE8}") = "lib", "lib", "{A7494220-7E7D-11EB-A9E7-E95501FE3845}"
EndProject
Project("{2150E333-8FDC-42A3-9474-1A3956D46DE8}") = "executable", "executable", "{EEF19180-7E7E-11EB-9508-FD883F3A128E}"
EndProject
Project("{2150E333-8FDC-42A3-9474-1A3956D46DE8}") = "workers", "workers", "{61AB6160-7E7F-11EB-80D7-CB222CC5A013}"
EndProject
Project("{2150E333-8FDC-42A3-9474-1A3956D46DE8}") = "web", "web", "{689650C0-7E7F-11EB-80D7-CB222CC5A013}"
EndProject
Project("{2150E333-8FDC-42A3-9474-1A3956D46DE8}") = "tests", "tests", "{99E956B0-7E7D-11EB-A9E7-E95501FE3845}"
EndProject
Project("{FAE04EC0-301F-11D3-BF4B-00C04F79EFBC}") = "Megarender.Domain", "src\backend\Megarender.Domain\Megarender.Domain.csproj", "{72B6F83E-AE3C-417D-9F11-6A7386E8260A}"
EndProject
Project("{FAE04EC0-301F-11D3-BF4B-00C04F79EFBC}") = "Megarender.DataAccess", "src\backend\Megarender.DataServices\Megarender.DataAccess\Megarender.DataAccess.csproj", "{9BD1076E-67F8-48F9-9A4F-6E0997060EE2}"
EndProject
Project("{FAE04EC0-301F-11D3-BF4B-00C04F79EFBC}") = "Megarender.DataStorage", "src\backend\Megarender.DataServices\Megarender.DataStorage\Megarender.DataStorage.csproj", "{AA1250F0-461B-4352-9E59-9C51A912FCC0}"
EndProject
Project("{FAE04EC0-301F-11D3-BF4B-00C04F79EFBC}") = "Megarender.MessageBusServices", "src\backend\Megarender.DataServices\Megarender.MessageBusServices\Megarender.MessageBusServices.csproj", "{DAA81C31-118B-4CF3-9661-15A7DE6EA79D}"
EndProject
Project("{FAE04EC0-301F-11D3-BF4B-00C04F79EFBC}") = "Megarender.BusinessServices", "src\backend\Megarender.DataServices\Megarender.BusinessServices\Megarender.BusinessServices.csproj", "{257A561B-FE4D-497D-9778-F2C466CAC8AC}"
EndProject
Project("{FAE04EC0-301F-11D3-BF4B-00C04F79EFBC}") = "Megarender.IdentityService", "src\backend\Megarender.AppServices\Megarender.IdentityService\Megarender.IdentityService.csproj", "{3A2B8CD7-DDEF-4BEC-9A86-1A4C1A85B99B}"
EndProject
Project("{FAE04EC0-301F-11D3-BF4B-00C04F79EFBC}") = "Megarender.StorageService", "src\backend\Megarender.AppServices\Megarender.StorageService\Megarender.StorageService.csproj", "{64D195DD-1074-4D36-9E39-3302A1B8954C}"
EndProject
Project("{FAE04EC0-301F-11D3-BF4B-00C04F79EFBC}") = "Megarender.WebAPIService", "src\backend\Megarender.AppServices\Megarender.WebAPIService\Megarender.WebAPIService.csproj", "{C7A510B7-D025-4C70-8E50-1D65E61B9AD8}"
EndProject
Project("{FAE04EC0-301F-11D3-BF4B-00C04F79EFBC}") = "Megarender.NotificationWorkerService", "src\backend\Megarender.AppServices\Megarender.WorkerServices\Megarender.NotificationWorkerService\Megarender.NotificationWorkerService.csproj", "{4FC45534-C0D7-4985-A7D8-8C9622302B6F}"
EndProject
Project("{2150E333-8FDC-42A3-9474-1A3956D46DE8}") = "Megarender.BusinessServices", "Megarender.BusinessServices", "{445663BE-22CF-44F3-A20A-F3B5ABA8ECB1}"
EndProject
Project("{FAE04EC0-301F-11D3-BF4B-00C04F79EFBC}") = "Megarender.BusinessServices.IntegrationTests", "tests\Megarender.BusinessServices\Megarender.BusinessServices.IntegrationTests\Megarender.BusinessServices.IntegrationTests.csproj", "{2718AEB5-B901-4A6C-9C95-CBD5B9EA729B}"
EndProject
Project("{FAE04EC0-301F-11D3-BF4B-00C04F79EFBC}") = "Megarender.BusinessServices.UnitTests", "tests\Megarender.BusinessServices\Megarender.BusinessServices.UnitTests\Megarender.BusinessServices.UnitTests.csproj", "{8D4EA0EB-4E25-4A92-9FCD-E9BB81990581}"
EndProject
Global
	GlobalSection(SolutionConfigurationPlatforms) = preSolution
		Debug|Any CPU = Debug|Any CPU
		Debug|x64 = Debug|x64
		Debug|x86 = Debug|x86
		Release|Any CPU = Release|Any CPU
		Release|x64 = Release|x64
		Release|x86 = Release|x86
	EndGlobalSection
	GlobalSection(SolutionProperties) = preSolution
		HideSolutionNode = FALSE
	EndGlobalSection
	GlobalSection(ProjectConfigurationPlatforms) = postSolution
		{72B6F83E-AE3C-417D-9F11-6A7386E8260A}.Debug|Any CPU.ActiveCfg = Debug|Any CPU
		{72B6F83E-AE3C-417D-9F11-6A7386E8260A}.Debug|Any CPU.Build.0 = Debug|Any CPU
		{72B6F83E-AE3C-417D-9F11-6A7386E8260A}.Debug|x64.ActiveCfg = Debug|Any CPU
		{72B6F83E-AE3C-417D-9F11-6A7386E8260A}.Debug|x64.Build.0 = Debug|Any CPU
		{72B6F83E-AE3C-417D-9F11-6A7386E8260A}.Debug|x86.ActiveCfg = Debug|Any CPU
		{72B6F83E-AE3C-417D-9F11-6A7386E8260A}.Debug|x86.Build.0 = Debug|Any CPU
		{72B6F83E-AE3C-417D-9F11-6A7386E8260A}.Release|Any CPU.ActiveCfg = Release|Any CPU
		{72B6F83E-AE3C-417D-9F11-6A7386E8260A}.Release|Any CPU.Build.0 = Release|Any CPU
		{72B6F83E-AE3C-417D-9F11-6A7386E8260A}.Release|x64.ActiveCfg = Release|Any CPU
		{72B6F83E-AE3C-417D-9F11-6A7386E8260A}.Release|x64.Build.0 = Release|Any CPU
		{72B6F83E-AE3C-417D-9F11-6A7386E8260A}.Release|x86.ActiveCfg = Release|Any CPU
		{72B6F83E-AE3C-417D-9F11-6A7386E8260A}.Release|x86.Build.0 = Release|Any CPU
		{9BD1076E-67F8-48F9-9A4F-6E0997060EE2}.Debug|Any CPU.ActiveCfg = Debug|Any CPU
		{9BD1076E-67F8-48F9-9A4F-6E0997060EE2}.Debug|Any CPU.Build.0 = Debug|Any CPU
		{9BD1076E-67F8-48F9-9A4F-6E0997060EE2}.Debug|x64.ActiveCfg = Debug|Any CPU
		{9BD1076E-67F8-48F9-9A4F-6E0997060EE2}.Debug|x64.Build.0 = Debug|Any CPU
		{9BD1076E-67F8-48F9-9A4F-6E0997060EE2}.Debug|x86.ActiveCfg = Debug|Any CPU
		{9BD1076E-67F8-48F9-9A4F-6E0997060EE2}.Debug|x86.Build.0 = Debug|Any CPU
		{9BD1076E-67F8-48F9-9A4F-6E0997060EE2}.Release|Any CPU.ActiveCfg = Release|Any CPU
		{9BD1076E-67F8-48F9-9A4F-6E0997060EE2}.Release|Any CPU.Build.0 = Release|Any CPU
		{9BD1076E-67F8-48F9-9A4F-6E0997060EE2}.Release|x64.ActiveCfg = Release|Any CPU
		{9BD1076E-67F8-48F9-9A4F-6E0997060EE2}.Release|x64.Build.0 = Release|Any CPU
		{9BD1076E-67F8-48F9-9A4F-6E0997060EE2}.Release|x86.ActiveCfg = Release|Any CPU
		{9BD1076E-67F8-48F9-9A4F-6E0997060EE2}.Release|x86.Build.0 = Release|Any CPU
		{AA1250F0-461B-4352-9E59-9C51A912FCC0}.Debug|Any CPU.ActiveCfg = Debug|Any CPU
		{AA1250F0-461B-4352-9E59-9C51A912FCC0}.Debug|Any CPU.Build.0 = Debug|Any CPU
		{AA1250F0-461B-4352-9E59-9C51A912FCC0}.Debug|x64.ActiveCfg = Debug|Any CPU
		{AA1250F0-461B-4352-9E59-9C51A912FCC0}.Debug|x64.Build.0 = Debug|Any CPU
		{AA1250F0-461B-4352-9E59-9C51A912FCC0}.Debug|x86.ActiveCfg = Debug|Any CPU
		{AA1250F0-461B-4352-9E59-9C51A912FCC0}.Debug|x86.Build.0 = Debug|Any CPU
		{AA1250F0-461B-4352-9E59-9C51A912FCC0}.Release|Any CPU.ActiveCfg = Release|Any CPU
		{AA1250F0-461B-4352-9E59-9C51A912FCC0}.Release|Any CPU.Build.0 = Release|Any CPU
		{AA1250F0-461B-4352-9E59-9C51A912FCC0}.Release|x64.ActiveCfg = Release|Any CPU
		{AA1250F0-461B-4352-9E59-9C51A912FCC0}.Release|x64.Build.0 = Release|Any CPU
		{AA1250F0-461B-4352-9E59-9C51A912FCC0}.Release|x86.ActiveCfg = Release|Any CPU
		{AA1250F0-461B-4352-9E59-9C51A912FCC0}.Release|x86.Build.0 = Release|Any CPU
		{DAA81C31-118B-4CF3-9661-15A7DE6EA79D}.Debug|Any CPU.ActiveCfg = Debug|Any CPU
		{DAA81C31-118B-4CF3-9661-15A7DE6EA79D}.Debug|Any CPU.Build.0 = Debug|Any CPU
		{DAA81C31-118B-4CF3-9661-15A7DE6EA79D}.Debug|x64.ActiveCfg = Debug|Any CPU
		{DAA81C31-118B-4CF3-9661-15A7DE6EA79D}.Debug|x64.Build.0 = Debug|Any CPU
		{DAA81C31-118B-4CF3-9661-15A7DE6EA79D}.Debug|x86.ActiveCfg = Debug|Any CPU
		{DAA81C31-118B-4CF3-9661-15A7DE6EA79D}.Debug|x86.Build.0 = Debug|Any CPU
		{DAA81C31-118B-4CF3-9661-15A7DE6EA79D}.Release|Any CPU.ActiveCfg = Release|Any CPU
		{DAA81C31-118B-4CF3-9661-15A7DE6EA79D}.Release|Any CPU.Build.0 = Release|Any CPU
		{DAA81C31-118B-4CF3-9661-15A7DE6EA79D}.Release|x64.ActiveCfg = Release|Any CPU
		{DAA81C31-118B-4CF3-9661-15A7DE6EA79D}.Release|x64.Build.0 = Release|Any CPU
		{DAA81C31-118B-4CF3-9661-15A7DE6EA79D}.Release|x86.ActiveCfg = Release|Any CPU
		{DAA81C31-118B-4CF3-9661-15A7DE6EA79D}.Release|x86.Build.0 = Release|Any CPU
		{257A561B-FE4D-497D-9778-F2C466CAC8AC}.Debug|Any CPU.ActiveCfg = Debug|Any CPU
		{257A561B-FE4D-497D-9778-F2C466CAC8AC}.Debug|Any CPU.Build.0 = Debug|Any CPU
		{257A561B-FE4D-497D-9778-F2C466CAC8AC}.Debug|x64.ActiveCfg = Debug|Any CPU
		{257A561B-FE4D-497D-9778-F2C466CAC8AC}.Debug|x64.Build.0 = Debug|Any CPU
		{257A561B-FE4D-497D-9778-F2C466CAC8AC}.Debug|x86.ActiveCfg = Debug|Any CPU
		{257A561B-FE4D-497D-9778-F2C466CAC8AC}.Debug|x86.Build.0 = Debug|Any CPU
		{257A561B-FE4D-497D-9778-F2C466CAC8AC}.Release|Any CPU.ActiveCfg = Release|Any CPU
		{257A561B-FE4D-497D-9778-F2C466CAC8AC}.Release|Any CPU.Build.0 = Release|Any CPU
		{257A561B-FE4D-497D-9778-F2C466CAC8AC}.Release|x64.ActiveCfg = Release|Any CPU
		{257A561B-FE4D-497D-9778-F2C466CAC8AC}.Release|x64.Build.0 = Release|Any CPU
		{257A561B-FE4D-497D-9778-F2C466CAC8AC}.Release|x86.ActiveCfg = Release|Any CPU
		{257A561B-FE4D-497D-9778-F2C466CAC8AC}.Release|x86.Build.0 = Release|Any CPU
		{3A2B8CD7-DDEF-4BEC-9A86-1A4C1A85B99B}.Debug|Any CPU.ActiveCfg = Debug|Any CPU
		{3A2B8CD7-DDEF-4BEC-9A86-1A4C1A85B99B}.Debug|Any CPU.Build.0 = Debug|Any CPU
		{3A2B8CD7-DDEF-4BEC-9A86-1A4C1A85B99B}.Debug|x64.ActiveCfg = Debug|Any CPU
		{3A2B8CD7-DDEF-4BEC-9A86-1A4C1A85B99B}.Debug|x64.Build.0 = Debug|Any CPU
		{3A2B8CD7-DDEF-4BEC-9A86-1A4C1A85B99B}.Debug|x86.ActiveCfg = Debug|Any CPU
		{3A2B8CD7-DDEF-4BEC-9A86-1A4C1A85B99B}.Debug|x86.Build.0 = Debug|Any CPU
		{3A2B8CD7-DDEF-4BEC-9A86-1A4C1A85B99B}.Release|Any CPU.ActiveCfg = Release|Any CPU
		{3A2B8CD7-DDEF-4BEC-9A86-1A4C1A85B99B}.Release|Any CPU.Build.0 = Release|Any CPU
		{3A2B8CD7-DDEF-4BEC-9A86-1A4C1A85B99B}.Release|x64.ActiveCfg = Release|Any CPU
		{3A2B8CD7-DDEF-4BEC-9A86-1A4C1A85B99B}.Release|x64.Build.0 = Release|Any CPU
		{3A2B8CD7-DDEF-4BEC-9A86-1A4C1A85B99B}.Release|x86.ActiveCfg = Release|Any CPU
		{3A2B8CD7-DDEF-4BEC-9A86-1A4C1A85B99B}.Release|x86.Build.0 = Release|Any CPU
		{64D195DD-1074-4D36-9E39-3302A1B8954C}.Debug|Any CPU.ActiveCfg = Debug|Any CPU
		{64D195DD-1074-4D36-9E39-3302A1B8954C}.Debug|Any CPU.Build.0 = Debug|Any CPU
		{64D195DD-1074-4D36-9E39-3302A1B8954C}.Debug|x64.ActiveCfg = Debug|Any CPU
		{64D195DD-1074-4D36-9E39-3302A1B8954C}.Debug|x64.Build.0 = Debug|Any CPU
		{64D195DD-1074-4D36-9E39-3302A1B8954C}.Debug|x86.ActiveCfg = Debug|Any CPU
		{64D195DD-1074-4D36-9E39-3302A1B8954C}.Debug|x86.Build.0 = Debug|Any CPU
		{64D195DD-1074-4D36-9E39-3302A1B8954C}.Release|Any CPU.ActiveCfg = Release|Any CPU
		{64D195DD-1074-4D36-9E39-3302A1B8954C}.Release|Any CPU.Build.0 = Release|Any CPU
		{64D195DD-1074-4D36-9E39-3302A1B8954C}.Release|x64.ActiveCfg = Release|Any CPU
		{64D195DD-1074-4D36-9E39-3302A1B8954C}.Release|x64.Build.0 = Release|Any CPU
		{64D195DD-1074-4D36-9E39-3302A1B8954C}.Release|x86.ActiveCfg = Release|Any CPU
		{64D195DD-1074-4D36-9E39-3302A1B8954C}.Release|x86.Build.0 = Release|Any CPU
		{C7A510B7-D025-4C70-8E50-1D65E61B9AD8}.Debug|Any CPU.ActiveCfg = Debug|Any CPU
		{C7A510B7-D025-4C70-8E50-1D65E61B9AD8}.Debug|Any CPU.Build.0 = Debug|Any CPU
		{C7A510B7-D025-4C70-8E50-1D65E61B9AD8}.Debug|x64.ActiveCfg = Debug|Any CPU
		{C7A510B7-D025-4C70-8E50-1D65E61B9AD8}.Debug|x64.Build.0 = Debug|Any CPU
		{C7A510B7-D025-4C70-8E50-1D65E61B9AD8}.Debug|x86.ActiveCfg = Debug|Any CPU
		{C7A510B7-D025-4C70-8E50-1D65E61B9AD8}.Debug|x86.Build.0 = Debug|Any CPU
		{C7A510B7-D025-4C70-8E50-1D65E61B9AD8}.Release|Any CPU.ActiveCfg = Release|Any CPU
		{C7A510B7-D025-4C70-8E50-1D65E61B9AD8}.Release|Any CPU.Build.0 = Release|Any CPU
		{C7A510B7-D025-4C70-8E50-1D65E61B9AD8}.Release|x64.ActiveCfg = Release|Any CPU
		{C7A510B7-D025-4C70-8E50-1D65E61B9AD8}.Release|x64.Build.0 = Release|Any CPU
		{C7A510B7-D025-4C70-8E50-1D65E61B9AD8}.Release|x86.ActiveCfg = Release|Any CPU
		{C7A510B7-D025-4C70-8E50-1D65E61B9AD8}.Release|x86.Build.0 = Release|Any CPU
		{4FC45534-C0D7-4985-A7D8-8C9622302B6F}.Debug|Any CPU.ActiveCfg = Debug|Any CPU
		{4FC45534-C0D7-4985-A7D8-8C9622302B6F}.Debug|Any CPU.Build.0 = Debug|Any CPU
		{4FC45534-C0D7-4985-A7D8-8C9622302B6F}.Debug|x64.ActiveCfg = Debug|Any CPU
		{4FC45534-C0D7-4985-A7D8-8C9622302B6F}.Debug|x64.Build.0 = Debug|Any CPU
		{4FC45534-C0D7-4985-A7D8-8C9622302B6F}.Debug|x86.ActiveCfg = Debug|Any CPU
		{4FC45534-C0D7-4985-A7D8-8C9622302B6F}.Debug|x86.Build.0 = Debug|Any CPU
		{4FC45534-C0D7-4985-A7D8-8C9622302B6F}.Release|Any CPU.ActiveCfg = Release|Any CPU
		{4FC45534-C0D7-4985-A7D8-8C9622302B6F}.Release|Any CPU.Build.0 = Release|Any CPU
		{4FC45534-C0D7-4985-A7D8-8C9622302B6F}.Release|x64.ActiveCfg = Release|Any CPU
		{4FC45534-C0D7-4985-A7D8-8C9622302B6F}.Release|x64.Build.0 = Release|Any CPU
		{4FC45534-C0D7-4985-A7D8-8C9622302B6F}.Release|x86.ActiveCfg = Release|Any CPU
		{4FC45534-C0D7-4985-A7D8-8C9622302B6F}.Release|x86.Build.0 = Release|Any CPU
		{2718AEB5-B901-4A6C-9C95-CBD5B9EA729B}.Debug|Any CPU.ActiveCfg = Debug|Any CPU
		{2718AEB5-B901-4A6C-9C95-CBD5B9EA729B}.Debug|Any CPU.Build.0 = Debug|Any CPU
		{2718AEB5-B901-4A6C-9C95-CBD5B9EA729B}.Debug|x64.ActiveCfg = Debug|Any CPU
		{2718AEB5-B901-4A6C-9C95-CBD5B9EA729B}.Debug|x64.Build.0 = Debug|Any CPU
		{2718AEB5-B901-4A6C-9C95-CBD5B9EA729B}.Debug|x86.ActiveCfg = Debug|Any CPU
		{2718AEB5-B901-4A6C-9C95-CBD5B9EA729B}.Debug|x86.Build.0 = Debug|Any CPU
		{2718AEB5-B901-4A6C-9C95-CBD5B9EA729B}.Release|Any CPU.ActiveCfg = Release|Any CPU
		{2718AEB5-B901-4A6C-9C95-CBD5B9EA729B}.Release|Any CPU.Build.0 = Release|Any CPU
		{2718AEB5-B901-4A6C-9C95-CBD5B9EA729B}.Release|x64.ActiveCfg = Release|Any CPU
		{2718AEB5-B901-4A6C-9C95-CBD5B9EA729B}.Release|x64.Build.0 = Release|Any CPU
		{2718AEB5-B901-4A6C-9C95-CBD5B9EA729B}.Release|x86.ActiveCfg = Release|Any CPU
		{2718AEB5-B901-4A6C-9C95-CBD5B9EA729B}.Release|x86.Build.0 = Release|Any CPU
		{8D4EA0EB-4E25-4A92-9FCD-E9BB81990581}.Debug|Any CPU.ActiveCfg = Debug|Any CPU
		{8D4EA0EB-4E25-4A92-9FCD-E9BB81990581}.Debug|Any CPU.Build.0 = Debug|Any CPU
		{8D4EA0EB-4E25-4A92-9FCD-E9BB81990581}.Debug|x64.ActiveCfg = Debug|Any CPU
		{8D4EA0EB-4E25-4A92-9FCD-E9BB81990581}.Debug|x64.Build.0 = Debug|Any CPU
		{8D4EA0EB-4E25-4A92-9FCD-E9BB81990581}.Debug|x86.ActiveCfg = Debug|Any CPU
		{8D4EA0EB-4E25-4A92-9FCD-E9BB81990581}.Debug|x86.Build.0 = Debug|Any CPU
		{8D4EA0EB-4E25-4A92-9FCD-E9BB81990581}.Release|Any CPU.ActiveCfg = Release|Any CPU
		{8D4EA0EB-4E25-4A92-9FCD-E9BB81990581}.Release|Any CPU.Build.0 = Release|Any CPU
		{8D4EA0EB-4E25-4A92-9FCD-E9BB81990581}.Release|x64.ActiveCfg = Release|Any CPU
		{8D4EA0EB-4E25-4A92-9FCD-E9BB81990581}.Release|x64.Build.0 = Release|Any CPU
		{8D4EA0EB-4E25-4A92-9FCD-E9BB81990581}.Release|x86.ActiveCfg = Release|Any CPU
		{8D4EA0EB-4E25-4A92-9FCD-E9BB81990581}.Release|x86.Build.0 = Release|Any CPU
	EndGlobalSection
	GlobalSection(NestedProjects) = preSolution
		{689650C0-7E7F-11EB-80D7-CB222CC5A013} = {EEF19180-7E7E-11EB-9508-FD883F3A128E}
		{61AB6160-7E7F-11EB-80D7-CB222CC5A013} = {EEF19180-7E7E-11EB-9508-FD883F3A128E}
		{EEF19180-7E7E-11EB-9508-FD883F3A128E} = {F8285790-7E7C-11EB-852F-BDE8FA0A4A76}
		{A7494220-7E7D-11EB-A9E7-E95501FE3845} = {F8285790-7E7C-11EB-852F-BDE8FA0A4A76}
		{72B6F83E-AE3C-417D-9F11-6A7386E8260A} = {A7494220-7E7D-11EB-A9E7-E95501FE3845}
		{9BD1076E-67F8-48F9-9A4F-6E0997060EE2} = {A7494220-7E7D-11EB-A9E7-E95501FE3845}
		{AA1250F0-461B-4352-9E59-9C51A912FCC0} = {A7494220-7E7D-11EB-A9E7-E95501FE3845}
		{DAA81C31-118B-4CF3-9661-15A7DE6EA79D} = {A7494220-7E7D-11EB-A9E7-E95501FE3845}
		{257A561B-FE4D-497D-9778-F2C466CAC8AC} = {A7494220-7E7D-11EB-A9E7-E95501FE3845}
		{3A2B8CD7-DDEF-4BEC-9A86-1A4C1A85B99B} = {689650C0-7E7F-11EB-80D7-CB222CC5A013}
		{64D195DD-1074-4D36-9E39-3302A1B8954C} = {689650C0-7E7F-11EB-80D7-CB222CC5A013}
		{C7A510B7-D025-4C70-8E50-1D65E61B9AD8} = {689650C0-7E7F-11EB-80D7-CB222CC5A013}
		{4FC45534-C0D7-4985-A7D8-8C9622302B6F} = {61AB6160-7E7F-11EB-80D7-CB222CC5A013}
		{445663BE-22CF-44F3-A20A-F3B5ABA8ECB1} = {99E956B0-7E7D-11EB-A9E7-E95501FE3845}
		{2718AEB5-B901-4A6C-9C95-CBD5B9EA729B} = {445663BE-22CF-44F3-A20A-F3B5ABA8ECB1}
		{8D4EA0EB-4E25-4A92-9FCD-E9BB81990581} = {445663BE-22CF-44F3-A20A-F3B5ABA8ECB1}
	EndGlobalSection
EndGlobal
