
Microsoft Visual Studio Solution File, Format Version 12.00
# Visual Studio 15
VisualStudioVersion = 15.0.26124.0
MinimumVisualStudioVersion = 15.0.26124.0
Project("{2150E333-8FDC-42A3-9474-1A3956D46DE8}") = "src", "src", "{B19D0DA8-A262-4978-BB0F-86163C6F7665}"
EndProject
Project("{2150E333-8FDC-42A3-9474-1A3956D46DE8}") = "backend", "backend", "{2281D74A-688E-4671-912E-70AAC1BEDAD2}"
EndProject
Project("{2150E333-8FDC-42A3-9474-1A3956D46DE8}") = "Megarender.AppServices", "Megarender.AppServices", "{6F53ADD9-C417-4BFF-98D8-1962A5904072}"
EndProject
Project("{FAE04EC0-301F-11D3-BF4B-00C04F79EFBC}") = "Megarender.IdentityService", "src\backend\Megarender.AppServices\Megarender.IdentityService\Megarender.IdentityService.csproj", "{A7FC3FD5-CF66-4CBC-89FB-4981122A2957}"
EndProject
Project("{FAE04EC0-301F-11D3-BF4B-00C04F79EFBC}") = "Megarender.StorageService", "src\backend\Megarender.AppServices\Megarender.StorageService\Megarender.StorageService.csproj", "{D111A57B-3DA6-4DAE-BA23-C76D7304B588}"
EndProject
Project("{FAE04EC0-301F-11D3-BF4B-00C04F79EFBC}") = "Megarender.WebAPIService", "src\backend\Megarender.AppServices\Megarender.WebAPIService\Megarender.WebAPIService.csproj", "{7272F045-1042-4ED2-A3E0-C337F2CD048A}"
EndProject
Project("{2150E333-8FDC-42A3-9474-1A3956D46DE8}") = "Megarender.WorkerServices", "Megarender.WorkerServices", "{18DC2A9B-7F91-4244-9B1D-29264C8D2F94}"
EndProject
Project("{FAE04EC0-301F-11D3-BF4B-00C04F79EFBC}") = "Megarender.NotificationWorkerService", "src\backend\Megarender.AppServices\Megarender.WorkerServices\Megarender.NotificationWorkerService\Megarender.NotificationWorkerService.csproj", "{7A6A97ED-4A8C-4C38-AC8E-371F95A61F9C}"
EndProject
Project("{2150E333-8FDC-42A3-9474-1A3956D46DE8}") = "Megarender.DataServices", "Megarender.DataServices", "{E1E6EAD0-A475-451A-B1F8-9D8AAAB3793D}"
EndProject
Project("{FAE04EC0-301F-11D3-BF4B-00C04F79EFBC}") = "Megarender.BusinessServices", "src\backend\Megarender.DataServices\Megarender.BusinessServices\Megarender.BusinessServices.csproj", "{F40D114B-9A04-408F-81C6-525DCE188AFC}"
EndProject
Project("{FAE04EC0-301F-11D3-BF4B-00C04F79EFBC}") = "Megarender.DataAccess", "src\backend\Megarender.DataServices\Megarender.DataAccess\Megarender.DataAccess.csproj", "{CC1362EF-E438-493F-A967-79508F280DEC}"
EndProject
Project("{FAE04EC0-301F-11D3-BF4B-00C04F79EFBC}") = "Megarender.DataStorage", "src\backend\Megarender.DataServices\Megarender.DataStorage\Megarender.DataStorage.csproj", "{BCC615D9-E458-430F-BEC0-1DBEA7B5BEB7}"
EndProject
Project("{FAE04EC0-301F-11D3-BF4B-00C04F79EFBC}") = "Megarender.Domain", "src\backend\Megarender.Domain\Megarender.Domain.csproj", "{E2831869-609F-447B-8C49-8F1E83D7EFBA}"
EndProject
Project("{2150E333-8FDC-42A3-9474-1A3956D46DE8}") = "tests", "tests", "{7C12A51E-DF92-4089-B3F4-5BCC070DC763}"
EndProject
Project("{2150E333-8FDC-42A3-9474-1A3956D46DE8}") = "Megarender.BusinessServices", "Megarender.BusinessServices", "{85B58D41-5353-4EFE-A354-4F70E88D9F57}"
EndProject
Project("{FAE04EC0-301F-11D3-BF4B-00C04F79EFBC}") = "Megarender.BusinessServices.IntegrationTests", "tests\Megarender.BusinessServices\Megarender.BusinessServices.IntegrationTests\Megarender.BusinessServices.IntegrationTests.csproj", "{B2DD0472-EBB8-4103-9AE8-2D100E9A93A8}"
EndProject
Project("{FAE04EC0-301F-11D3-BF4B-00C04F79EFBC}") = "Megarender.BusinessServices.UnitTests", "tests\Megarender.BusinessServices\Megarender.BusinessServices.UnitTests\Megarender.BusinessServices.UnitTests.csproj", "{E4D05321-D27F-439C-9530-2842D419C799}"
EndProject
Project("{FAE04EC0-301F-11D3-BF4B-00C04F79EFBC}") = "Megarender.MessageBusServices", "src\backend\Megarender.DataServices\Megarender.MessageBusServices\Megarender.MessageBusServices.csproj", "{0F6DCAEC-2DB7-4A1D-B37C-EE3D7DB8CD78}"
EndProject
Global
	GlobalSection(SolutionProperties) = preSolution
		HideSolutionNode = FALSE
	EndGlobalSection
	GlobalSection(NestedProjects) = preSolution
		{2281D74A-688E-4671-912E-70AAC1BEDAD2} = {B19D0DA8-A262-4978-BB0F-86163C6F7665}
		{6F53ADD9-C417-4BFF-98D8-1962A5904072} = {2281D74A-688E-4671-912E-70AAC1BEDAD2}
		{A7FC3FD5-CF66-4CBC-89FB-4981122A2957} = {6F53ADD9-C417-4BFF-98D8-1962A5904072}
		{D111A57B-3DA6-4DAE-BA23-C76D7304B588} = {6F53ADD9-C417-4BFF-98D8-1962A5904072}
		{7272F045-1042-4ED2-A3E0-C337F2CD048A} = {6F53ADD9-C417-4BFF-98D8-1962A5904072}
		{18DC2A9B-7F91-4244-9B1D-29264C8D2F94} = {6F53ADD9-C417-4BFF-98D8-1962A5904072}
		{7A6A97ED-4A8C-4C38-AC8E-371F95A61F9C} = {18DC2A9B-7F91-4244-9B1D-29264C8D2F94}
		{E1E6EAD0-A475-451A-B1F8-9D8AAAB3793D} = {2281D74A-688E-4671-912E-70AAC1BEDAD2}
		{F40D114B-9A04-408F-81C6-525DCE188AFC} = {E1E6EAD0-A475-451A-B1F8-9D8AAAB3793D}
		{CC1362EF-E438-493F-A967-79508F280DEC} = {E1E6EAD0-A475-451A-B1F8-9D8AAAB3793D}
		{BCC615D9-E458-430F-BEC0-1DBEA7B5BEB7} = {E1E6EAD0-A475-451A-B1F8-9D8AAAB3793D}
		{E2831869-609F-447B-8C49-8F1E83D7EFBA} = {2281D74A-688E-4671-912E-70AAC1BEDAD2}
		{85B58D41-5353-4EFE-A354-4F70E88D9F57} = {7C12A51E-DF92-4089-B3F4-5BCC070DC763}
		{B2DD0472-EBB8-4103-9AE8-2D100E9A93A8} = {85B58D41-5353-4EFE-A354-4F70E88D9F57}
		{E4D05321-D27F-439C-9530-2842D419C799} = {85B58D41-5353-4EFE-A354-4F70E88D9F57}
		{0F6DCAEC-2DB7-4A1D-B37C-EE3D7DB8CD78} = {E1E6EAD0-A475-451A-B1F8-9D8AAAB3793D}
	EndGlobalSection
	GlobalSection(SolutionConfigurationPlatforms) = preSolution
		Debug|Any CPU = Debug|Any CPU
		Debug|x64 = Debug|x64
		Debug|x86 = Debug|x86
		Release|Any CPU = Release|Any CPU
		Release|x64 = Release|x64
		Release|x86 = Release|x86
	EndGlobalSection
	GlobalSection(ProjectConfigurationPlatforms) = postSolution
		{A7FC3FD5-CF66-4CBC-89FB-4981122A2957}.Debug|Any CPU.ActiveCfg = Debug|Any CPU
		{A7FC3FD5-CF66-4CBC-89FB-4981122A2957}.Debug|Any CPU.Build.0 = Debug|Any CPU
		{A7FC3FD5-CF66-4CBC-89FB-4981122A2957}.Debug|x64.ActiveCfg = Debug|Any CPU
		{A7FC3FD5-CF66-4CBC-89FB-4981122A2957}.Debug|x64.Build.0 = Debug|Any CPU
		{A7FC3FD5-CF66-4CBC-89FB-4981122A2957}.Debug|x86.ActiveCfg = Debug|Any CPU
		{A7FC3FD5-CF66-4CBC-89FB-4981122A2957}.Debug|x86.Build.0 = Debug|Any CPU
		{A7FC3FD5-CF66-4CBC-89FB-4981122A2957}.Release|Any CPU.ActiveCfg = Release|Any CPU
		{A7FC3FD5-CF66-4CBC-89FB-4981122A2957}.Release|Any CPU.Build.0 = Release|Any CPU
		{A7FC3FD5-CF66-4CBC-89FB-4981122A2957}.Release|x64.ActiveCfg = Release|Any CPU
		{A7FC3FD5-CF66-4CBC-89FB-4981122A2957}.Release|x64.Build.0 = Release|Any CPU
		{A7FC3FD5-CF66-4CBC-89FB-4981122A2957}.Release|x86.ActiveCfg = Release|Any CPU
		{A7FC3FD5-CF66-4CBC-89FB-4981122A2957}.Release|x86.Build.0 = Release|Any CPU
		{D111A57B-3DA6-4DAE-BA23-C76D7304B588}.Debug|Any CPU.ActiveCfg = Debug|Any CPU
		{D111A57B-3DA6-4DAE-BA23-C76D7304B588}.Debug|Any CPU.Build.0 = Debug|Any CPU
		{D111A57B-3DA6-4DAE-BA23-C76D7304B588}.Debug|x64.ActiveCfg = Debug|Any CPU
		{D111A57B-3DA6-4DAE-BA23-C76D7304B588}.Debug|x64.Build.0 = Debug|Any CPU
		{D111A57B-3DA6-4DAE-BA23-C76D7304B588}.Debug|x86.ActiveCfg = Debug|Any CPU
		{D111A57B-3DA6-4DAE-BA23-C76D7304B588}.Debug|x86.Build.0 = Debug|Any CPU
		{D111A57B-3DA6-4DAE-BA23-C76D7304B588}.Release|Any CPU.ActiveCfg = Release|Any CPU
		{D111A57B-3DA6-4DAE-BA23-C76D7304B588}.Release|Any CPU.Build.0 = Release|Any CPU
		{D111A57B-3DA6-4DAE-BA23-C76D7304B588}.Release|x64.ActiveCfg = Release|Any CPU
		{D111A57B-3DA6-4DAE-BA23-C76D7304B588}.Release|x64.Build.0 = Release|Any CPU
		{D111A57B-3DA6-4DAE-BA23-C76D7304B588}.Release|x86.ActiveCfg = Release|Any CPU
		{D111A57B-3DA6-4DAE-BA23-C76D7304B588}.Release|x86.Build.0 = Release|Any CPU
		{7272F045-1042-4ED2-A3E0-C337F2CD048A}.Debug|Any CPU.ActiveCfg = Debug|Any CPU
		{7272F045-1042-4ED2-A3E0-C337F2CD048A}.Debug|Any CPU.Build.0 = Debug|Any CPU
		{7272F045-1042-4ED2-A3E0-C337F2CD048A}.Debug|x64.ActiveCfg = Debug|Any CPU
		{7272F045-1042-4ED2-A3E0-C337F2CD048A}.Debug|x64.Build.0 = Debug|Any CPU
		{7272F045-1042-4ED2-A3E0-C337F2CD048A}.Debug|x86.ActiveCfg = Debug|Any CPU
		{7272F045-1042-4ED2-A3E0-C337F2CD048A}.Debug|x86.Build.0 = Debug|Any CPU
		{7272F045-1042-4ED2-A3E0-C337F2CD048A}.Release|Any CPU.ActiveCfg = Release|Any CPU
		{7272F045-1042-4ED2-A3E0-C337F2CD048A}.Release|Any CPU.Build.0 = Release|Any CPU
		{7272F045-1042-4ED2-A3E0-C337F2CD048A}.Release|x64.ActiveCfg = Release|Any CPU
		{7272F045-1042-4ED2-A3E0-C337F2CD048A}.Release|x64.Build.0 = Release|Any CPU
		{7272F045-1042-4ED2-A3E0-C337F2CD048A}.Release|x86.ActiveCfg = Release|Any CPU
		{7272F045-1042-4ED2-A3E0-C337F2CD048A}.Release|x86.Build.0 = Release|Any CPU
		{7A6A97ED-4A8C-4C38-AC8E-371F95A61F9C}.Debug|Any CPU.ActiveCfg = Debug|Any CPU
		{7A6A97ED-4A8C-4C38-AC8E-371F95A61F9C}.Debug|Any CPU.Build.0 = Debug|Any CPU
		{7A6A97ED-4A8C-4C38-AC8E-371F95A61F9C}.Debug|x64.ActiveCfg = Debug|Any CPU
		{7A6A97ED-4A8C-4C38-AC8E-371F95A61F9C}.Debug|x64.Build.0 = Debug|Any CPU
		{7A6A97ED-4A8C-4C38-AC8E-371F95A61F9C}.Debug|x86.ActiveCfg = Debug|Any CPU
		{7A6A97ED-4A8C-4C38-AC8E-371F95A61F9C}.Debug|x86.Build.0 = Debug|Any CPU
		{7A6A97ED-4A8C-4C38-AC8E-371F95A61F9C}.Release|Any CPU.ActiveCfg = Release|Any CPU
		{7A6A97ED-4A8C-4C38-AC8E-371F95A61F9C}.Release|Any CPU.Build.0 = Release|Any CPU
		{7A6A97ED-4A8C-4C38-AC8E-371F95A61F9C}.Release|x64.ActiveCfg = Release|Any CPU
		{7A6A97ED-4A8C-4C38-AC8E-371F95A61F9C}.Release|x64.Build.0 = Release|Any CPU
		{7A6A97ED-4A8C-4C38-AC8E-371F95A61F9C}.Release|x86.ActiveCfg = Release|Any CPU
		{7A6A97ED-4A8C-4C38-AC8E-371F95A61F9C}.Release|x86.Build.0 = Release|Any CPU
		{F40D114B-9A04-408F-81C6-525DCE188AFC}.Debug|Any CPU.ActiveCfg = Debug|Any CPU
		{F40D114B-9A04-408F-81C6-525DCE188AFC}.Debug|Any CPU.Build.0 = Debug|Any CPU
		{F40D114B-9A04-408F-81C6-525DCE188AFC}.Debug|x64.ActiveCfg = Debug|Any CPU
		{F40D114B-9A04-408F-81C6-525DCE188AFC}.Debug|x64.Build.0 = Debug|Any CPU
		{F40D114B-9A04-408F-81C6-525DCE188AFC}.Debug|x86.ActiveCfg = Debug|Any CPU
		{F40D114B-9A04-408F-81C6-525DCE188AFC}.Debug|x86.Build.0 = Debug|Any CPU
		{F40D114B-9A04-408F-81C6-525DCE188AFC}.Release|Any CPU.ActiveCfg = Release|Any CPU
		{F40D114B-9A04-408F-81C6-525DCE188AFC}.Release|Any CPU.Build.0 = Release|Any CPU
		{F40D114B-9A04-408F-81C6-525DCE188AFC}.Release|x64.ActiveCfg = Release|Any CPU
		{F40D114B-9A04-408F-81C6-525DCE188AFC}.Release|x64.Build.0 = Release|Any CPU
		{F40D114B-9A04-408F-81C6-525DCE188AFC}.Release|x86.ActiveCfg = Release|Any CPU
		{F40D114B-9A04-408F-81C6-525DCE188AFC}.Release|x86.Build.0 = Release|Any CPU
		{CC1362EF-E438-493F-A967-79508F280DEC}.Debug|Any CPU.ActiveCfg = Debug|Any CPU
		{CC1362EF-E438-493F-A967-79508F280DEC}.Debug|Any CPU.Build.0 = Debug|Any CPU
		{CC1362EF-E438-493F-A967-79508F280DEC}.Debug|x64.ActiveCfg = Debug|Any CPU
		{CC1362EF-E438-493F-A967-79508F280DEC}.Debug|x64.Build.0 = Debug|Any CPU
		{CC1362EF-E438-493F-A967-79508F280DEC}.Debug|x86.ActiveCfg = Debug|Any CPU
		{CC1362EF-E438-493F-A967-79508F280DEC}.Debug|x86.Build.0 = Debug|Any CPU
		{CC1362EF-E438-493F-A967-79508F280DEC}.Release|Any CPU.ActiveCfg = Release|Any CPU
		{CC1362EF-E438-493F-A967-79508F280DEC}.Release|Any CPU.Build.0 = Release|Any CPU
		{CC1362EF-E438-493F-A967-79508F280DEC}.Release|x64.ActiveCfg = Release|Any CPU
		{CC1362EF-E438-493F-A967-79508F280DEC}.Release|x64.Build.0 = Release|Any CPU
		{CC1362EF-E438-493F-A967-79508F280DEC}.Release|x86.ActiveCfg = Release|Any CPU
		{CC1362EF-E438-493F-A967-79508F280DEC}.Release|x86.Build.0 = Release|Any CPU
		{BCC615D9-E458-430F-BEC0-1DBEA7B5BEB7}.Debug|Any CPU.ActiveCfg = Debug|Any CPU
		{BCC615D9-E458-430F-BEC0-1DBEA7B5BEB7}.Debug|Any CPU.Build.0 = Debug|Any CPU
		{BCC615D9-E458-430F-BEC0-1DBEA7B5BEB7}.Debug|x64.ActiveCfg = Debug|Any CPU
		{BCC615D9-E458-430F-BEC0-1DBEA7B5BEB7}.Debug|x64.Build.0 = Debug|Any CPU
		{BCC615D9-E458-430F-BEC0-1DBEA7B5BEB7}.Debug|x86.ActiveCfg = Debug|Any CPU
		{BCC615D9-E458-430F-BEC0-1DBEA7B5BEB7}.Debug|x86.Build.0 = Debug|Any CPU
		{BCC615D9-E458-430F-BEC0-1DBEA7B5BEB7}.Release|Any CPU.ActiveCfg = Release|Any CPU
		{BCC615D9-E458-430F-BEC0-1DBEA7B5BEB7}.Release|Any CPU.Build.0 = Release|Any CPU
		{BCC615D9-E458-430F-BEC0-1DBEA7B5BEB7}.Release|x64.ActiveCfg = Release|Any CPU
		{BCC615D9-E458-430F-BEC0-1DBEA7B5BEB7}.Release|x64.Build.0 = Release|Any CPU
		{BCC615D9-E458-430F-BEC0-1DBEA7B5BEB7}.Release|x86.ActiveCfg = Release|Any CPU
		{BCC615D9-E458-430F-BEC0-1DBEA7B5BEB7}.Release|x86.Build.0 = Release|Any CPU
		{E2831869-609F-447B-8C49-8F1E83D7EFBA}.Debug|Any CPU.ActiveCfg = Debug|Any CPU
		{E2831869-609F-447B-8C49-8F1E83D7EFBA}.Debug|Any CPU.Build.0 = Debug|Any CPU
		{E2831869-609F-447B-8C49-8F1E83D7EFBA}.Debug|x64.ActiveCfg = Debug|Any CPU
		{E2831869-609F-447B-8C49-8F1E83D7EFBA}.Debug|x64.Build.0 = Debug|Any CPU
		{E2831869-609F-447B-8C49-8F1E83D7EFBA}.Debug|x86.ActiveCfg = Debug|Any CPU
		{E2831869-609F-447B-8C49-8F1E83D7EFBA}.Debug|x86.Build.0 = Debug|Any CPU
		{E2831869-609F-447B-8C49-8F1E83D7EFBA}.Release|Any CPU.ActiveCfg = Release|Any CPU
		{E2831869-609F-447B-8C49-8F1E83D7EFBA}.Release|Any CPU.Build.0 = Release|Any CPU
		{E2831869-609F-447B-8C49-8F1E83D7EFBA}.Release|x64.ActiveCfg = Release|Any CPU
		{E2831869-609F-447B-8C49-8F1E83D7EFBA}.Release|x64.Build.0 = Release|Any CPU
		{E2831869-609F-447B-8C49-8F1E83D7EFBA}.Release|x86.ActiveCfg = Release|Any CPU
		{E2831869-609F-447B-8C49-8F1E83D7EFBA}.Release|x86.Build.0 = Release|Any CPU
		{B2DD0472-EBB8-4103-9AE8-2D100E9A93A8}.Debug|Any CPU.ActiveCfg = Debug|Any CPU
		{B2DD0472-EBB8-4103-9AE8-2D100E9A93A8}.Debug|Any CPU.Build.0 = Debug|Any CPU
		{B2DD0472-EBB8-4103-9AE8-2D100E9A93A8}.Debug|x64.ActiveCfg = Debug|Any CPU
		{B2DD0472-EBB8-4103-9AE8-2D100E9A93A8}.Debug|x64.Build.0 = Debug|Any CPU
		{B2DD0472-EBB8-4103-9AE8-2D100E9A93A8}.Debug|x86.ActiveCfg = Debug|Any CPU
		{B2DD0472-EBB8-4103-9AE8-2D100E9A93A8}.Debug|x86.Build.0 = Debug|Any CPU
		{B2DD0472-EBB8-4103-9AE8-2D100E9A93A8}.Release|Any CPU.ActiveCfg = Release|Any CPU
		{B2DD0472-EBB8-4103-9AE8-2D100E9A93A8}.Release|Any CPU.Build.0 = Release|Any CPU
		{B2DD0472-EBB8-4103-9AE8-2D100E9A93A8}.Release|x64.ActiveCfg = Release|Any CPU
		{B2DD0472-EBB8-4103-9AE8-2D100E9A93A8}.Release|x64.Build.0 = Release|Any CPU
		{B2DD0472-EBB8-4103-9AE8-2D100E9A93A8}.Release|x86.ActiveCfg = Release|Any CPU
		{B2DD0472-EBB8-4103-9AE8-2D100E9A93A8}.Release|x86.Build.0 = Release|Any CPU
		{E4D05321-D27F-439C-9530-2842D419C799}.Debug|Any CPU.ActiveCfg = Debug|Any CPU
		{E4D05321-D27F-439C-9530-2842D419C799}.Debug|Any CPU.Build.0 = Debug|Any CPU
		{E4D05321-D27F-439C-9530-2842D419C799}.Debug|x64.ActiveCfg = Debug|Any CPU
		{E4D05321-D27F-439C-9530-2842D419C799}.Debug|x64.Build.0 = Debug|Any CPU
		{E4D05321-D27F-439C-9530-2842D419C799}.Debug|x86.ActiveCfg = Debug|Any CPU
		{E4D05321-D27F-439C-9530-2842D419C799}.Debug|x86.Build.0 = Debug|Any CPU
		{E4D05321-D27F-439C-9530-2842D419C799}.Release|Any CPU.ActiveCfg = Release|Any CPU
		{E4D05321-D27F-439C-9530-2842D419C799}.Release|Any CPU.Build.0 = Release|Any CPU
		{E4D05321-D27F-439C-9530-2842D419C799}.Release|x64.ActiveCfg = Release|Any CPU
		{E4D05321-D27F-439C-9530-2842D419C799}.Release|x64.Build.0 = Release|Any CPU
		{E4D05321-D27F-439C-9530-2842D419C799}.Release|x86.ActiveCfg = Release|Any CPU
		{E4D05321-D27F-439C-9530-2842D419C799}.Release|x86.Build.0 = Release|Any CPU
		{0F6DCAEC-2DB7-4A1D-B37C-EE3D7DB8CD78}.Debug|Any CPU.ActiveCfg = Debug|Any CPU
		{0F6DCAEC-2DB7-4A1D-B37C-EE3D7DB8CD78}.Debug|Any CPU.Build.0 = Debug|Any CPU
		{0F6DCAEC-2DB7-4A1D-B37C-EE3D7DB8CD78}.Debug|x64.ActiveCfg = Debug|Any CPU
		{0F6DCAEC-2DB7-4A1D-B37C-EE3D7DB8CD78}.Debug|x64.Build.0 = Debug|Any CPU
		{0F6DCAEC-2DB7-4A1D-B37C-EE3D7DB8CD78}.Debug|x86.ActiveCfg = Debug|Any CPU
		{0F6DCAEC-2DB7-4A1D-B37C-EE3D7DB8CD78}.Debug|x86.Build.0 = Debug|Any CPU
		{0F6DCAEC-2DB7-4A1D-B37C-EE3D7DB8CD78}.Release|Any CPU.ActiveCfg = Release|Any CPU
		{0F6DCAEC-2DB7-4A1D-B37C-EE3D7DB8CD78}.Release|Any CPU.Build.0 = Release|Any CPU
		{0F6DCAEC-2DB7-4A1D-B37C-EE3D7DB8CD78}.Release|x64.ActiveCfg = Release|Any CPU
		{0F6DCAEC-2DB7-4A1D-B37C-EE3D7DB8CD78}.Release|x64.Build.0 = Release|Any CPU
		{0F6DCAEC-2DB7-4A1D-B37C-EE3D7DB8CD78}.Release|x86.ActiveCfg = Release|Any CPU
		{0F6DCAEC-2DB7-4A1D-B37C-EE3D7DB8CD78}.Release|x86.Build.0 = Release|Any CPU
	EndGlobalSection
EndGlobal
