
Microsoft Visual Studio Solution File, Format Version 12.00
# Visual Studio 15
VisualStudioVersion = 15.0.26124.0
MinimumVisualStudioVersion = 15.0.26124.0
Project("{2150E333-8FDC-42A3-9474-1A3956D46DE8}") = "AppServices", "AppServices", "{644AC576-52EB-4A77-B7C5-6EEF492D1737}"
EndProject
Project("{FAE04EC0-301F-11D3-BF4B-00C04F79EFBC}") = "WebAPIService", "AppServices\WebAPIService\WebAPIService.csproj", "{383C0F29-5A86-41C0-A53C-751C8F5F8718}"
EndProject
Project("{FAE04EC0-301F-11D3-BF4B-00C04F79EFBC}") = "IdentityService", "AppServices\IdentityService\IdentityService.csproj", "{875E0EEA-CD0A-40EF-A56B-5B32941E775D}"
EndProject
Project("{2150E333-8FDC-42A3-9474-1A3956D46DE8}") = "WorkerServices", "WorkerServices", "{25F9B66C-3B09-430D-B74A-3CE0F848CE43}"
EndProject
Project("{FAE04EC0-301F-11D3-BF4B-00C04F79EFBC}") = "NotificationWorkerService", "AppServices\WorkerServices\NotificationWorkerService\NotificationWorkerService.csproj", "{2B47EB39-5A25-4B3A-AF21-C3A8B516AAAB}"
EndProject
Project("{2150E333-8FDC-42A3-9474-1A3956D46DE8}") = "Megarender.DataServices", "Megarender.DataServices", "{0821D538-9C13-4CB5-93EB-434789381FA0}"
EndProject
Project("{FAE04EC0-301F-11D3-BF4B-00C04F79EFBC}") = "BusinessServices", "Megarender.DataServices\BusinessServices\BusinessServices.csproj", "{47CDB452-8867-4A07-B6ED-598FA032A3F4}"
EndProject
Project("{FAE04EC0-301F-11D3-BF4B-00C04F79EFBC}") = "Megarender.DataAccess", "Megarender.DataServices\Megarender.DataAccess\Megarender.DataAccess.csproj", "{A253AB65-72ED-418F-95E2-FAD2CF9582D3}"
EndProject
Project("{FAE04EC0-301F-11D3-BF4B-00C04F79EFBC}") = "Megarender.Domain", "Megarender.Domain\Megarender.Domain.csproj", "{78709A52-8B1D-4F9B-A068-76880E814F49}"
EndProject
Project("{FAE04EC0-301F-11D3-BF4B-00C04F79EFBC}") = "MessageBusServices", "Megarender.DataServices\Megarender.MessageBusServices\Megarender.MessageBusServices.csproj", "{04B4A81C-1224-45FC-A80A-A17DF8026515}"
EndProject
Project("{FAE04EC0-301F-11D3-BF4B-00C04F79EFBC}") = "Megarender.DataStorage", "Megarender.DataServices\Megarender.DataStorage\Megarender.DataStorage.csproj", "{C56F8595-2193-4A35-A61C-63CCD2826818}"
EndProject
Project("{2150E333-8FDC-42A3-9474-1A3956D46DE8}") = "Tests", "Tests", "{DAADEF4D-7A6C-4B2A-9487-DA5F1EE6D19B}"
EndProject
Project("{2150E333-8FDC-42A3-9474-1A3956D46DE8}") = "BusinessServices", "BusinessServices", "{C84A7F45-CC6E-4FF1-B9DA-1E209F95DD6C}"
EndProject
Project("{FAE04EC0-301F-11D3-BF4B-00C04F79EFBC}") = "IntegrationTests", "Tests\BusinessServices\IntegrationTests\IntegrationTests.csproj", "{788D1D6F-F08C-4755-9DE8-492C21C9816C}"
EndProject
Project("{FAE04EC0-301F-11D3-BF4B-00C04F79EFBC}") = "UnitTests", "Tests\BusinessServices\UnitTests\UnitTests.csproj", "{37FE5FA4-28BE-4112-AF1F-B69EAF87808A}"
EndProject
Global
	GlobalSection(SolutionConfigurationPlatforms) = preSolution
		Debug|Any CPU = Debug|Any CPU
		Debug|x64 = Debug|x64
		Debug|x86 = Debug|x86
		Release|Any CPU = Release|Any CPU
		Release|x64 = Release|x64
		Release|x86 = Release|x86
	EndGlobalSection
	GlobalSection(SolutionProperties) = preSolution
		HideSolutionNode = FALSE
	EndGlobalSection
	GlobalSection(ProjectConfigurationPlatforms) = postSolution
		{383C0F29-5A86-41C0-A53C-751C8F5F8718}.Debug|Any CPU.ActiveCfg = Debug|Any CPU
		{383C0F29-5A86-41C0-A53C-751C8F5F8718}.Debug|Any CPU.Build.0 = Debug|Any CPU
		{383C0F29-5A86-41C0-A53C-751C8F5F8718}.Debug|x64.ActiveCfg = Debug|Any CPU
		{383C0F29-5A86-41C0-A53C-751C8F5F8718}.Debug|x64.Build.0 = Debug|Any CPU
		{383C0F29-5A86-41C0-A53C-751C8F5F8718}.Debug|x86.ActiveCfg = Debug|Any CPU
		{383C0F29-5A86-41C0-A53C-751C8F5F8718}.Debug|x86.Build.0 = Debug|Any CPU
		{383C0F29-5A86-41C0-A53C-751C8F5F8718}.Release|Any CPU.ActiveCfg = Release|Any CPU
		{383C0F29-5A86-41C0-A53C-751C8F5F8718}.Release|Any CPU.Build.0 = Release|Any CPU
		{383C0F29-5A86-41C0-A53C-751C8F5F8718}.Release|x64.ActiveCfg = Release|Any CPU
		{383C0F29-5A86-41C0-A53C-751C8F5F8718}.Release|x64.Build.0 = Release|Any CPU
		{383C0F29-5A86-41C0-A53C-751C8F5F8718}.Release|x86.ActiveCfg = Release|Any CPU
		{383C0F29-5A86-41C0-A53C-751C8F5F8718}.Release|x86.Build.0 = Release|Any CPU
		{875E0EEA-CD0A-40EF-A56B-5B32941E775D}.Debug|Any CPU.ActiveCfg = Debug|Any CPU
		{875E0EEA-CD0A-40EF-A56B-5B32941E775D}.Debug|Any CPU.Build.0 = Debug|Any CPU
		{875E0EEA-CD0A-40EF-A56B-5B32941E775D}.Debug|x64.ActiveCfg = Debug|Any CPU
		{875E0EEA-CD0A-40EF-A56B-5B32941E775D}.Debug|x64.Build.0 = Debug|Any CPU
		{875E0EEA-CD0A-40EF-A56B-5B32941E775D}.Debug|x86.ActiveCfg = Debug|Any CPU
		{875E0EEA-CD0A-40EF-A56B-5B32941E775D}.Debug|x86.Build.0 = Debug|Any CPU
		{875E0EEA-CD0A-40EF-A56B-5B32941E775D}.Release|Any CPU.ActiveCfg = Release|Any CPU
		{875E0EEA-CD0A-40EF-A56B-5B32941E775D}.Release|Any CPU.Build.0 = Release|Any CPU
		{875E0EEA-CD0A-40EF-A56B-5B32941E775D}.Release|x64.ActiveCfg = Release|Any CPU
		{875E0EEA-CD0A-40EF-A56B-5B32941E775D}.Release|x64.Build.0 = Release|Any CPU
		{875E0EEA-CD0A-40EF-A56B-5B32941E775D}.Release|x86.ActiveCfg = Release|Any CPU
		{875E0EEA-CD0A-40EF-A56B-5B32941E775D}.Release|x86.Build.0 = Release|Any CPU
		{2B47EB39-5A25-4B3A-AF21-C3A8B516AAAB}.Debug|Any CPU.ActiveCfg = Debug|Any CPU
		{2B47EB39-5A25-4B3A-AF21-C3A8B516AAAB}.Debug|Any CPU.Build.0 = Debug|Any CPU
		{2B47EB39-5A25-4B3A-AF21-C3A8B516AAAB}.Debug|x64.ActiveCfg = Debug|Any CPU
		{2B47EB39-5A25-4B3A-AF21-C3A8B516AAAB}.Debug|x64.Build.0 = Debug|Any CPU
		{2B47EB39-5A25-4B3A-AF21-C3A8B516AAAB}.Debug|x86.ActiveCfg = Debug|Any CPU
		{2B47EB39-5A25-4B3A-AF21-C3A8B516AAAB}.Debug|x86.Build.0 = Debug|Any CPU
		{2B47EB39-5A25-4B3A-AF21-C3A8B516AAAB}.Release|Any CPU.ActiveCfg = Release|Any CPU
		{2B47EB39-5A25-4B3A-AF21-C3A8B516AAAB}.Release|Any CPU.Build.0 = Release|Any CPU
		{2B47EB39-5A25-4B3A-AF21-C3A8B516AAAB}.Release|x64.ActiveCfg = Release|Any CPU
		{2B47EB39-5A25-4B3A-AF21-C3A8B516AAAB}.Release|x64.Build.0 = Release|Any CPU
		{2B47EB39-5A25-4B3A-AF21-C3A8B516AAAB}.Release|x86.ActiveCfg = Release|Any CPU
		{2B47EB39-5A25-4B3A-AF21-C3A8B516AAAB}.Release|x86.Build.0 = Release|Any CPU
		{47CDB452-8867-4A07-B6ED-598FA032A3F4}.Debug|Any CPU.ActiveCfg = Debug|Any CPU
		{47CDB452-8867-4A07-B6ED-598FA032A3F4}.Debug|Any CPU.Build.0 = Debug|Any CPU
		{47CDB452-8867-4A07-B6ED-598FA032A3F4}.Debug|x64.ActiveCfg = Debug|Any CPU
		{47CDB452-8867-4A07-B6ED-598FA032A3F4}.Debug|x64.Build.0 = Debug|Any CPU
		{47CDB452-8867-4A07-B6ED-598FA032A3F4}.Debug|x86.ActiveCfg = Debug|Any CPU
		{47CDB452-8867-4A07-B6ED-598FA032A3F4}.Debug|x86.Build.0 = Debug|Any CPU
		{47CDB452-8867-4A07-B6ED-598FA032A3F4}.Release|Any CPU.ActiveCfg = Release|Any CPU
		{47CDB452-8867-4A07-B6ED-598FA032A3F4}.Release|Any CPU.Build.0 = Release|Any CPU
		{47CDB452-8867-4A07-B6ED-598FA032A3F4}.Release|x64.ActiveCfg = Release|Any CPU
		{47CDB452-8867-4A07-B6ED-598FA032A3F4}.Release|x64.Build.0 = Release|Any CPU
		{47CDB452-8867-4A07-B6ED-598FA032A3F4}.Release|x86.ActiveCfg = Release|Any CPU
		{47CDB452-8867-4A07-B6ED-598FA032A3F4}.Release|x86.Build.0 = Release|Any CPU
		{A253AB65-72ED-418F-95E2-FAD2CF9582D3}.Debug|Any CPU.ActiveCfg = Debug|Any CPU
		{A253AB65-72ED-418F-95E2-FAD2CF9582D3}.Debug|Any CPU.Build.0 = Debug|Any CPU
		{A253AB65-72ED-418F-95E2-FAD2CF9582D3}.Debug|x64.ActiveCfg = Debug|Any CPU
		{A253AB65-72ED-418F-95E2-FAD2CF9582D3}.Debug|x64.Build.0 = Debug|Any CPU
		{A253AB65-72ED-418F-95E2-FAD2CF9582D3}.Debug|x86.ActiveCfg = Debug|Any CPU
		{A253AB65-72ED-418F-95E2-FAD2CF9582D3}.Debug|x86.Build.0 = Debug|Any CPU
		{A253AB65-72ED-418F-95E2-FAD2CF9582D3}.Release|Any CPU.ActiveCfg = Release|Any CPU
		{A253AB65-72ED-418F-95E2-FAD2CF9582D3}.Release|Any CPU.Build.0 = Release|Any CPU
		{A253AB65-72ED-418F-95E2-FAD2CF9582D3}.Release|x64.ActiveCfg = Release|Any CPU
		{A253AB65-72ED-418F-95E2-FAD2CF9582D3}.Release|x64.Build.0 = Release|Any CPU
		{A253AB65-72ED-418F-95E2-FAD2CF9582D3}.Release|x86.ActiveCfg = Release|Any CPU
		{A253AB65-72ED-418F-95E2-FAD2CF9582D3}.Release|x86.Build.0 = Release|Any CPU
		{78709A52-8B1D-4F9B-A068-76880E814F49}.Debug|Any CPU.ActiveCfg = Debug|Any CPU
		{78709A52-8B1D-4F9B-A068-76880E814F49}.Debug|Any CPU.Build.0 = Debug|Any CPU
		{78709A52-8B1D-4F9B-A068-76880E814F49}.Debug|x64.ActiveCfg = Debug|Any CPU
		{78709A52-8B1D-4F9B-A068-76880E814F49}.Debug|x64.Build.0 = Debug|Any CPU
		{78709A52-8B1D-4F9B-A068-76880E814F49}.Debug|x86.ActiveCfg = Debug|Any CPU
		{78709A52-8B1D-4F9B-A068-76880E814F49}.Debug|x86.Build.0 = Debug|Any CPU
		{78709A52-8B1D-4F9B-A068-76880E814F49}.Release|Any CPU.ActiveCfg = Release|Any CPU
		{78709A52-8B1D-4F9B-A068-76880E814F49}.Release|Any CPU.Build.0 = Release|Any CPU
		{78709A52-8B1D-4F9B-A068-76880E814F49}.Release|x64.ActiveCfg = Release|Any CPU
		{78709A52-8B1D-4F9B-A068-76880E814F49}.Release|x64.Build.0 = Release|Any CPU
		{78709A52-8B1D-4F9B-A068-76880E814F49}.Release|x86.ActiveCfg = Release|Any CPU
		{78709A52-8B1D-4F9B-A068-76880E814F49}.Release|x86.Build.0 = Release|Any CPU
		{04B4A81C-1224-45FC-A80A-A17DF8026515}.Debug|Any CPU.ActiveCfg = Debug|Any CPU
		{04B4A81C-1224-45FC-A80A-A17DF8026515}.Debug|Any CPU.Build.0 = Debug|Any CPU
		{04B4A81C-1224-45FC-A80A-A17DF8026515}.Debug|x64.ActiveCfg = Debug|Any CPU
		{04B4A81C-1224-45FC-A80A-A17DF8026515}.Debug|x64.Build.0 = Debug|Any CPU
		{04B4A81C-1224-45FC-A80A-A17DF8026515}.Debug|x86.ActiveCfg = Debug|Any CPU
		{04B4A81C-1224-45FC-A80A-A17DF8026515}.Debug|x86.Build.0 = Debug|Any CPU
		{04B4A81C-1224-45FC-A80A-A17DF8026515}.Release|Any CPU.ActiveCfg = Release|Any CPU
		{04B4A81C-1224-45FC-A80A-A17DF8026515}.Release|Any CPU.Build.0 = Release|Any CPU
		{04B4A81C-1224-45FC-A80A-A17DF8026515}.Release|x64.ActiveCfg = Release|Any CPU
		{04B4A81C-1224-45FC-A80A-A17DF8026515}.Release|x64.Build.0 = Release|Any CPU
		{04B4A81C-1224-45FC-A80A-A17DF8026515}.Release|x86.ActiveCfg = Release|Any CPU
		{04B4A81C-1224-45FC-A80A-A17DF8026515}.Release|x86.Build.0 = Release|Any CPU
		{C56F8595-2193-4A35-A61C-63CCD2826818}.Debug|Any CPU.ActiveCfg = Debug|Any CPU
		{C56F8595-2193-4A35-A61C-63CCD2826818}.Debug|Any CPU.Build.0 = Debug|Any CPU
		{C56F8595-2193-4A35-A61C-63CCD2826818}.Debug|x64.ActiveCfg = Debug|Any CPU
		{C56F8595-2193-4A35-A61C-63CCD2826818}.Debug|x64.Build.0 = Debug|Any CPU
		{C56F8595-2193-4A35-A61C-63CCD2826818}.Debug|x86.ActiveCfg = Debug|Any CPU
		{C56F8595-2193-4A35-A61C-63CCD2826818}.Debug|x86.Build.0 = Debug|Any CPU
		{C56F8595-2193-4A35-A61C-63CCD2826818}.Release|Any CPU.ActiveCfg = Release|Any CPU
		{C56F8595-2193-4A35-A61C-63CCD2826818}.Release|Any CPU.Build.0 = Release|Any CPU
		{C56F8595-2193-4A35-A61C-63CCD2826818}.Release|x64.ActiveCfg = Release|Any CPU
		{C56F8595-2193-4A35-A61C-63CCD2826818}.Release|x64.Build.0 = Release|Any CPU
		{C56F8595-2193-4A35-A61C-63CCD2826818}.Release|x86.ActiveCfg = Release|Any CPU
		{C56F8595-2193-4A35-A61C-63CCD2826818}.Release|x86.Build.0 = Release|Any CPU
		{788D1D6F-F08C-4755-9DE8-492C21C9816C}.Debug|Any CPU.ActiveCfg = Debug|Any CPU
		{788D1D6F-F08C-4755-9DE8-492C21C9816C}.Debug|Any CPU.Build.0 = Debug|Any CPU
		{788D1D6F-F08C-4755-9DE8-492C21C9816C}.Debug|x64.ActiveCfg = Debug|Any CPU
		{788D1D6F-F08C-4755-9DE8-492C21C9816C}.Debug|x64.Build.0 = Debug|Any CPU
		{788D1D6F-F08C-4755-9DE8-492C21C9816C}.Debug|x86.ActiveCfg = Debug|Any CPU
		{788D1D6F-F08C-4755-9DE8-492C21C9816C}.Debug|x86.Build.0 = Debug|Any CPU
		{788D1D6F-F08C-4755-9DE8-492C21C9816C}.Release|Any CPU.ActiveCfg = Release|Any CPU
		{788D1D6F-F08C-4755-9DE8-492C21C9816C}.Release|Any CPU.Build.0 = Release|Any CPU
		{788D1D6F-F08C-4755-9DE8-492C21C9816C}.Release|x64.ActiveCfg = Release|Any CPU
		{788D1D6F-F08C-4755-9DE8-492C21C9816C}.Release|x64.Build.0 = Release|Any CPU
		{788D1D6F-F08C-4755-9DE8-492C21C9816C}.Release|x86.ActiveCfg = Release|Any CPU
		{788D1D6F-F08C-4755-9DE8-492C21C9816C}.Release|x86.Build.0 = Release|Any CPU
		{37FE5FA4-28BE-4112-AF1F-B69EAF87808A}.Debug|Any CPU.ActiveCfg = Debug|Any CPU
		{37FE5FA4-28BE-4112-AF1F-B69EAF87808A}.Debug|Any CPU.Build.0 = Debug|Any CPU
		{37FE5FA4-28BE-4112-AF1F-B69EAF87808A}.Debug|x64.ActiveCfg = Debug|Any CPU
		{37FE5FA4-28BE-4112-AF1F-B69EAF87808A}.Debug|x64.Build.0 = Debug|Any CPU
		{37FE5FA4-28BE-4112-AF1F-B69EAF87808A}.Debug|x86.ActiveCfg = Debug|Any CPU
		{37FE5FA4-28BE-4112-AF1F-B69EAF87808A}.Debug|x86.Build.0 = Debug|Any CPU
		{37FE5FA4-28BE-4112-AF1F-B69EAF87808A}.Release|Any CPU.ActiveCfg = Release|Any CPU
		{37FE5FA4-28BE-4112-AF1F-B69EAF87808A}.Release|Any CPU.Build.0 = Release|Any CPU
		{37FE5FA4-28BE-4112-AF1F-B69EAF87808A}.Release|x64.ActiveCfg = Release|Any CPU
		{37FE5FA4-28BE-4112-AF1F-B69EAF87808A}.Release|x64.Build.0 = Release|Any CPU
		{37FE5FA4-28BE-4112-AF1F-B69EAF87808A}.Release|x86.ActiveCfg = Release|Any CPU
		{37FE5FA4-28BE-4112-AF1F-B69EAF87808A}.Release|x86.Build.0 = Release|Any CPU
	EndGlobalSection
	GlobalSection(NestedProjects) = preSolution
		{383C0F29-5A86-41C0-A53C-751C8F5F8718} = {644AC576-52EB-4A77-B7C5-6EEF492D1737}
		{875E0EEA-CD0A-40EF-A56B-5B32941E775D} = {644AC576-52EB-4A77-B7C5-6EEF492D1737}
		{25F9B66C-3B09-430D-B74A-3CE0F848CE43} = {644AC576-52EB-4A77-B7C5-6EEF492D1737}
		{2B47EB39-5A25-4B3A-AF21-C3A8B516AAAB} = {25F9B66C-3B09-430D-B74A-3CE0F848CE43}
		{47CDB452-8867-4A07-B6ED-598FA032A3F4} = {0821D538-9C13-4CB5-93EB-434789381FA0}
		{A253AB65-72ED-418F-95E2-FAD2CF9582D3} = {0821D538-9C13-4CB5-93EB-434789381FA0}
		{04B4A81C-1224-45FC-A80A-A17DF8026515} = {0821D538-9C13-4CB5-93EB-434789381FA0}
		{C56F8595-2193-4A35-A61C-63CCD2826818} = {0821D538-9C13-4CB5-93EB-434789381FA0}
		{C84A7F45-CC6E-4FF1-B9DA-1E209F95DD6C} = {DAADEF4D-7A6C-4B2A-9487-DA5F1EE6D19B}
		{788D1D6F-F08C-4755-9DE8-492C21C9816C} = {C84A7F45-CC6E-4FF1-B9DA-1E209F95DD6C}
		{37FE5FA4-28BE-4112-AF1F-B69EAF87808A} = {C84A7F45-CC6E-4FF1-B9DA-1E209F95DD6C}
	EndGlobalSection
EndGlobal
