
Microsoft Visual Studio Solution File, Format Version 12.00
# Visual Studio 15
VisualStudioVersion = 15.0.26124.0
MinimumVisualStudioVersion = 15.0.26124.0
Project("{2150E333-8FDC-42A3-9474-1A3956D46DE8}") = "src", "src", "{AE654DB1-3EA5-47CA-9E3A-0F408646FE7F}"
EndProject
Project("{FAE04EC0-301F-11D3-BF4B-00C04F79EFBC}") = "Megarender.Domain", "src\Megarender.Domain\Megarender.Domain.csproj", "{BE80389E-3062-4A9A-A391-1ACDB3558712}"
EndProject
Project("{2150E333-8FDC-42A3-9474-1A3956D46DE8}") = "Megarender.DataServices", "Megarender.DataServices", "{F15B9C13-04A6-4FCC-A761-6A36F8DD50C6}"
EndProject
Project("{FAE04EC0-301F-11D3-BF4B-00C04F79EFBC}") = "Megarender.DataBus", "src\Megarender.DataServices\Megarender.DataBus\Megarender.DataBus.csproj", "{45F259C0-7167-4284-B97A-B5D8B931FA3E}"
EndProject
Project("{FAE04EC0-301F-11D3-BF4B-00C04F79EFBC}") = "Megarender.DataStorage", "src\Megarender.DataServices\Megarender.DataStorage\Megarender.DataStorage.csproj", "{54DDBC66-1494-42DA-9EBF-6CBFA4D5FE0C}"
EndProject
Project("{FAE04EC0-301F-11D3-BF4B-00C04F79EFBC}") = "Megarender.Business", "src\Megarender.Business\Megarender.Business.csproj", "{A787FF89-4A11-4A2E-85E2-A8408E014B59}"
EndProject
Project("{2150E333-8FDC-42A3-9474-1A3956D46DE8}") = "Megarender.AppServices", "Megarender.AppServices", "{5792DD5F-A20F-41D3-B3FB-00F352A87CCD}"
EndProject
Project("{FAE04EC0-301F-11D3-BF4B-00C04F79EFBC}") = "Megarender.IdentityService", "src\Megarender.AppServices\Megarender.IdentityService\Megarender.IdentityService.csproj", "{97CDAE94-D620-4572-A644-BA7B19E75EB0}"
EndProject
Project("{FAE04EC0-301F-11D3-BF4B-00C04F79EFBC}") = "Megarender.WebAPIService", "src\Megarender.AppServices\Megarender.WebAPIService\Megarender.WebAPIService.csproj", "{6217BEE8-558A-4C44-AC14-D7AEDE6A3901}"
EndProject
Project("{2150E333-8FDC-42A3-9474-1A3956D46DE8}") = "Megarender.WorkerServices", "Megarender.WorkerServices", "{5A3DC798-4ACF-493D-83FE-A34D0D485CD6}"
EndProject
Project("{FAE04EC0-301F-11D3-BF4B-00C04F79EFBC}") = "Megarender.NotificationWorkerService", "src\Megarender.AppServices\Megarender.WorkerServices\Megarender.NotificationWorkerService\Megarender.NotificationWorkerService.csproj", "{3F96F731-B1B1-4A3A-BDF8-E00A5670103C}"
EndProject
Project("{FAE04EC0-301F-11D3-BF4B-00C04F79EFBC}") = "Megarender.StorageService", "src\Megarender.AppServices\Megarender.StorageService\Megarender.StorageService.csproj", "{ADFE0A5A-B5D4-4006-A68E-06993A4EB2E0}"
EndProject
Project("{2150E333-8FDC-42A3-9474-1A3956D46DE8}") = "tests", "tests", "{DA8BF806-59BE-4508-A739-395E9E97BAD5}"
EndProject
Project("{2150E333-8FDC-42A3-9474-1A3956D46DE8}") = "Megarender.Business.Tests", "Megarender.Business.Tests", "{7A1514C0-0DF2-494F-AA11-9CF93E25EF38}"
EndProject
Project("{FAE04EC0-301F-11D3-BF4B-00C04F79EFBC}") = "Megarender.Business.IntegrationTests", "tests\Megarender.Business.Tests\Megarender.Business.IntegrationTests\Megarender.Business.IntegrationTests.csproj", "{6A949EFC-D3E2-42C3-8FD0-03B7C979FF3C}"
EndProject
Project("{FAE04EC0-301F-11D3-BF4B-00C04F79EFBC}") = "Megarender.Business.UnitTests", "tests\Megarender.Business.Tests\Megarender.Business.UnitTests\Megarender.Business.UnitTests.csproj", "{E526C5D0-23A4-41B7-8C9D-2E4894DFD860}"
EndProject
Project("{2150E333-8FDC-42A3-9474-1A3956D46DE8}") = "Megarender.WebAPI.Tests", "Megarender.WebAPI.Tests", "{AF2DB880-963E-11EB-B952-951FE8543FFC}"
EndProject
Project("{FAE04EC0-301F-11D3-BF4B-00C04F79EFBC}") = "Megarender.WebAPI.AcceptanceTests", "tests\Megarender.WebAPI.Tests\Megarender.WebAPI.AcceptanceTests\Megarender.WebAPI.AcceptanceTests.csproj", "{E479DB1A-0F3A-450F-AD28-5B32ADCF8DDF}"
EndProject
Project("{FAE04EC0-301F-11D3-BF4B-00C04F79EFBC}") = "Megarender.DataAccess", "src\Megarender.DataServices\Megarender.DataAccess\Megarender.DataAccess.csproj", "{2A072366-A483-4A84-9C32-42242D032417}"
EndProject
Global
	GlobalSection(SolutionConfigurationPlatforms) = preSolution
		Debug|Any CPU = Debug|Any CPU
		Debug|x64 = Debug|x64
		Debug|x86 = Debug|x86
		Release|Any CPU = Release|Any CPU
		Release|x64 = Release|x64
		Release|x86 = Release|x86
	EndGlobalSection
	GlobalSection(SolutionProperties) = preSolution
		HideSolutionNode = FALSE
	EndGlobalSection
	GlobalSection(ProjectConfigurationPlatforms) = postSolution
		{BE80389E-3062-4A9A-A391-1ACDB3558712}.Debug|Any CPU.ActiveCfg = Debug|Any CPU
		{BE80389E-3062-4A9A-A391-1ACDB3558712}.Debug|Any CPU.Build.0 = Debug|Any CPU
		{BE80389E-3062-4A9A-A391-1ACDB3558712}.Debug|x64.ActiveCfg = Debug|Any CPU
		{BE80389E-3062-4A9A-A391-1ACDB3558712}.Debug|x64.Build.0 = Debug|Any CPU
		{BE80389E-3062-4A9A-A391-1ACDB3558712}.Debug|x86.ActiveCfg = Debug|Any CPU
		{BE80389E-3062-4A9A-A391-1ACDB3558712}.Debug|x86.Build.0 = Debug|Any CPU
		{BE80389E-3062-4A9A-A391-1ACDB3558712}.Release|Any CPU.ActiveCfg = Release|Any CPU
		{BE80389E-3062-4A9A-A391-1ACDB3558712}.Release|Any CPU.Build.0 = Release|Any CPU
		{BE80389E-3062-4A9A-A391-1ACDB3558712}.Release|x64.ActiveCfg = Release|Any CPU
		{BE80389E-3062-4A9A-A391-1ACDB3558712}.Release|x64.Build.0 = Release|Any CPU
		{BE80389E-3062-4A9A-A391-1ACDB3558712}.Release|x86.ActiveCfg = Release|Any CPU
		{BE80389E-3062-4A9A-A391-1ACDB3558712}.Release|x86.Build.0 = Release|Any CPU
		{45F259C0-7167-4284-B97A-B5D8B931FA3E}.Debug|Any CPU.ActiveCfg = Debug|Any CPU
		{45F259C0-7167-4284-B97A-B5D8B931FA3E}.Debug|Any CPU.Build.0 = Debug|Any CPU
		{45F259C0-7167-4284-B97A-B5D8B931FA3E}.Debug|x64.ActiveCfg = Debug|Any CPU
		{45F259C0-7167-4284-B97A-B5D8B931FA3E}.Debug|x64.Build.0 = Debug|Any CPU
		{45F259C0-7167-4284-B97A-B5D8B931FA3E}.Debug|x86.ActiveCfg = Debug|Any CPU
		{45F259C0-7167-4284-B97A-B5D8B931FA3E}.Debug|x86.Build.0 = Debug|Any CPU
		{45F259C0-7167-4284-B97A-B5D8B931FA3E}.Release|Any CPU.ActiveCfg = Release|Any CPU
		{45F259C0-7167-4284-B97A-B5D8B931FA3E}.Release|Any CPU.Build.0 = Release|Any CPU
		{45F259C0-7167-4284-B97A-B5D8B931FA3E}.Release|x64.ActiveCfg = Release|Any CPU
		{45F259C0-7167-4284-B97A-B5D8B931FA3E}.Release|x64.Build.0 = Release|Any CPU
		{45F259C0-7167-4284-B97A-B5D8B931FA3E}.Release|x86.ActiveCfg = Release|Any CPU
		{45F259C0-7167-4284-B97A-B5D8B931FA3E}.Release|x86.Build.0 = Release|Any CPU
		{54DDBC66-1494-42DA-9EBF-6CBFA4D5FE0C}.Debug|Any CPU.ActiveCfg = Debug|Any CPU
		{54DDBC66-1494-42DA-9EBF-6CBFA4D5FE0C}.Debug|Any CPU.Build.0 = Debug|Any CPU
		{54DDBC66-1494-42DA-9EBF-6CBFA4D5FE0C}.Debug|x64.ActiveCfg = Debug|Any CPU
		{54DDBC66-1494-42DA-9EBF-6CBFA4D5FE0C}.Debug|x64.Build.0 = Debug|Any CPU
		{54DDBC66-1494-42DA-9EBF-6CBFA4D5FE0C}.Debug|x86.ActiveCfg = Debug|Any CPU
		{54DDBC66-1494-42DA-9EBF-6CBFA4D5FE0C}.Debug|x86.Build.0 = Debug|Any CPU
		{54DDBC66-1494-42DA-9EBF-6CBFA4D5FE0C}.Release|Any CPU.ActiveCfg = Release|Any CPU
		{54DDBC66-1494-42DA-9EBF-6CBFA4D5FE0C}.Release|Any CPU.Build.0 = Release|Any CPU
		{54DDBC66-1494-42DA-9EBF-6CBFA4D5FE0C}.Release|x64.ActiveCfg = Release|Any CPU
		{54DDBC66-1494-42DA-9EBF-6CBFA4D5FE0C}.Release|x64.Build.0 = Release|Any CPU
		{54DDBC66-1494-42DA-9EBF-6CBFA4D5FE0C}.Release|x86.ActiveCfg = Release|Any CPU
		{54DDBC66-1494-42DA-9EBF-6CBFA4D5FE0C}.Release|x86.Build.0 = Release|Any CPU
		{A787FF89-4A11-4A2E-85E2-A8408E014B59}.Debug|Any CPU.ActiveCfg = Debug|Any CPU
		{A787FF89-4A11-4A2E-85E2-A8408E014B59}.Debug|Any CPU.Build.0 = Debug|Any CPU
		{A787FF89-4A11-4A2E-85E2-A8408E014B59}.Debug|x64.ActiveCfg = Debug|Any CPU
		{A787FF89-4A11-4A2E-85E2-A8408E014B59}.Debug|x64.Build.0 = Debug|Any CPU
		{A787FF89-4A11-4A2E-85E2-A8408E014B59}.Debug|x86.ActiveCfg = Debug|Any CPU
		{A787FF89-4A11-4A2E-85E2-A8408E014B59}.Debug|x86.Build.0 = Debug|Any CPU
		{A787FF89-4A11-4A2E-85E2-A8408E014B59}.Release|Any CPU.ActiveCfg = Release|Any CPU
		{A787FF89-4A11-4A2E-85E2-A8408E014B59}.Release|Any CPU.Build.0 = Release|Any CPU
		{A787FF89-4A11-4A2E-85E2-A8408E014B59}.Release|x64.ActiveCfg = Release|Any CPU
		{A787FF89-4A11-4A2E-85E2-A8408E014B59}.Release|x64.Build.0 = Release|Any CPU
		{A787FF89-4A11-4A2E-85E2-A8408E014B59}.Release|x86.ActiveCfg = Release|Any CPU
		{A787FF89-4A11-4A2E-85E2-A8408E014B59}.Release|x86.Build.0 = Release|Any CPU
		{97CDAE94-D620-4572-A644-BA7B19E75EB0}.Debug|Any CPU.ActiveCfg = Debug|Any CPU
		{97CDAE94-D620-4572-A644-BA7B19E75EB0}.Debug|Any CPU.Build.0 = Debug|Any CPU
		{97CDAE94-D620-4572-A644-BA7B19E75EB0}.Debug|x64.ActiveCfg = Debug|Any CPU
		{97CDAE94-D620-4572-A644-BA7B19E75EB0}.Debug|x64.Build.0 = Debug|Any CPU
		{97CDAE94-D620-4572-A644-BA7B19E75EB0}.Debug|x86.ActiveCfg = Debug|Any CPU
		{97CDAE94-D620-4572-A644-BA7B19E75EB0}.Debug|x86.Build.0 = Debug|Any CPU
		{97CDAE94-D620-4572-A644-BA7B19E75EB0}.Release|Any CPU.ActiveCfg = Release|Any CPU
		{97CDAE94-D620-4572-A644-BA7B19E75EB0}.Release|Any CPU.Build.0 = Release|Any CPU
		{97CDAE94-D620-4572-A644-BA7B19E75EB0}.Release|x64.ActiveCfg = Release|Any CPU
		{97CDAE94-D620-4572-A644-BA7B19E75EB0}.Release|x64.Build.0 = Release|Any CPU
		{97CDAE94-D620-4572-A644-BA7B19E75EB0}.Release|x86.ActiveCfg = Release|Any CPU
		{97CDAE94-D620-4572-A644-BA7B19E75EB0}.Release|x86.Build.0 = Release|Any CPU
		{6217BEE8-558A-4C44-AC14-D7AEDE6A3901}.Debug|Any CPU.ActiveCfg = Debug|Any CPU
		{6217BEE8-558A-4C44-AC14-D7AEDE6A3901}.Debug|Any CPU.Build.0 = Debug|Any CPU
		{6217BEE8-558A-4C44-AC14-D7AEDE6A3901}.Debug|x64.ActiveCfg = Debug|Any CPU
		{6217BEE8-558A-4C44-AC14-D7AEDE6A3901}.Debug|x64.Build.0 = Debug|Any CPU
		{6217BEE8-558A-4C44-AC14-D7AEDE6A3901}.Debug|x86.ActiveCfg = Debug|Any CPU
		{6217BEE8-558A-4C44-AC14-D7AEDE6A3901}.Debug|x86.Build.0 = Debug|Any CPU
		{6217BEE8-558A-4C44-AC14-D7AEDE6A3901}.Release|Any CPU.ActiveCfg = Release|Any CPU
		{6217BEE8-558A-4C44-AC14-D7AEDE6A3901}.Release|Any CPU.Build.0 = Release|Any CPU
		{6217BEE8-558A-4C44-AC14-D7AEDE6A3901}.Release|x64.ActiveCfg = Release|Any CPU
		{6217BEE8-558A-4C44-AC14-D7AEDE6A3901}.Release|x64.Build.0 = Release|Any CPU
		{6217BEE8-558A-4C44-AC14-D7AEDE6A3901}.Release|x86.ActiveCfg = Release|Any CPU
		{6217BEE8-558A-4C44-AC14-D7AEDE6A3901}.Release|x86.Build.0 = Release|Any CPU
		{3F96F731-B1B1-4A3A-BDF8-E00A5670103C}.Debug|Any CPU.ActiveCfg = Debug|Any CPU
		{3F96F731-B1B1-4A3A-BDF8-E00A5670103C}.Debug|Any CPU.Build.0 = Debug|Any CPU
		{3F96F731-B1B1-4A3A-BDF8-E00A5670103C}.Debug|x64.ActiveCfg = Debug|Any CPU
		{3F96F731-B1B1-4A3A-BDF8-E00A5670103C}.Debug|x64.Build.0 = Debug|Any CPU
		{3F96F731-B1B1-4A3A-BDF8-E00A5670103C}.Debug|x86.ActiveCfg = Debug|Any CPU
		{3F96F731-B1B1-4A3A-BDF8-E00A5670103C}.Debug|x86.Build.0 = Debug|Any CPU
		{3F96F731-B1B1-4A3A-BDF8-E00A5670103C}.Release|Any CPU.ActiveCfg = Release|Any CPU
		{3F96F731-B1B1-4A3A-BDF8-E00A5670103C}.Release|Any CPU.Build.0 = Release|Any CPU
		{3F96F731-B1B1-4A3A-BDF8-E00A5670103C}.Release|x64.ActiveCfg = Release|Any CPU
		{3F96F731-B1B1-4A3A-BDF8-E00A5670103C}.Release|x64.Build.0 = Release|Any CPU
		{3F96F731-B1B1-4A3A-BDF8-E00A5670103C}.Release|x86.ActiveCfg = Release|Any CPU
		{3F96F731-B1B1-4A3A-BDF8-E00A5670103C}.Release|x86.Build.0 = Release|Any CPU
		{ADFE0A5A-B5D4-4006-A68E-06993A4EB2E0}.Debug|Any CPU.ActiveCfg = Debug|Any CPU
		{ADFE0A5A-B5D4-4006-A68E-06993A4EB2E0}.Debug|Any CPU.Build.0 = Debug|Any CPU
		{ADFE0A5A-B5D4-4006-A68E-06993A4EB2E0}.Debug|x64.ActiveCfg = Debug|Any CPU
		{ADFE0A5A-B5D4-4006-A68E-06993A4EB2E0}.Debug|x64.Build.0 = Debug|Any CPU
		{ADFE0A5A-B5D4-4006-A68E-06993A4EB2E0}.Debug|x86.ActiveCfg = Debug|Any CPU
		{ADFE0A5A-B5D4-4006-A68E-06993A4EB2E0}.Debug|x86.Build.0 = Debug|Any CPU
		{ADFE0A5A-B5D4-4006-A68E-06993A4EB2E0}.Release|Any CPU.ActiveCfg = Release|Any CPU
		{ADFE0A5A-B5D4-4006-A68E-06993A4EB2E0}.Release|Any CPU.Build.0 = Release|Any CPU
		{ADFE0A5A-B5D4-4006-A68E-06993A4EB2E0}.Release|x64.ActiveCfg = Release|Any CPU
		{ADFE0A5A-B5D4-4006-A68E-06993A4EB2E0}.Release|x64.Build.0 = Release|Any CPU
		{ADFE0A5A-B5D4-4006-A68E-06993A4EB2E0}.Release|x86.ActiveCfg = Release|Any CPU
		{ADFE0A5A-B5D4-4006-A68E-06993A4EB2E0}.Release|x86.Build.0 = Release|Any CPU
		{6A949EFC-D3E2-42C3-8FD0-03B7C979FF3C}.Debug|Any CPU.ActiveCfg = Debug|Any CPU
		{6A949EFC-D3E2-42C3-8FD0-03B7C979FF3C}.Debug|Any CPU.Build.0 = Debug|Any CPU
		{6A949EFC-D3E2-42C3-8FD0-03B7C979FF3C}.Debug|x64.ActiveCfg = Debug|Any CPU
		{6A949EFC-D3E2-42C3-8FD0-03B7C979FF3C}.Debug|x64.Build.0 = Debug|Any CPU
		{6A949EFC-D3E2-42C3-8FD0-03B7C979FF3C}.Debug|x86.ActiveCfg = Debug|Any CPU
		{6A949EFC-D3E2-42C3-8FD0-03B7C979FF3C}.Debug|x86.Build.0 = Debug|Any CPU
		{6A949EFC-D3E2-42C3-8FD0-03B7C979FF3C}.Release|Any CPU.ActiveCfg = Release|Any CPU
		{6A949EFC-D3E2-42C3-8FD0-03B7C979FF3C}.Release|Any CPU.Build.0 = Release|Any CPU
		{6A949EFC-D3E2-42C3-8FD0-03B7C979FF3C}.Release|x64.ActiveCfg = Release|Any CPU
		{6A949EFC-D3E2-42C3-8FD0-03B7C979FF3C}.Release|x64.Build.0 = Release|Any CPU
		{6A949EFC-D3E2-42C3-8FD0-03B7C979FF3C}.Release|x86.ActiveCfg = Release|Any CPU
		{6A949EFC-D3E2-42C3-8FD0-03B7C979FF3C}.Release|x86.Build.0 = Release|Any CPU
		{E526C5D0-23A4-41B7-8C9D-2E4894DFD860}.Debug|Any CPU.ActiveCfg = Debug|Any CPU
		{E526C5D0-23A4-41B7-8C9D-2E4894DFD860}.Debug|Any CPU.Build.0 = Debug|Any CPU
		{E526C5D0-23A4-41B7-8C9D-2E4894DFD860}.Debug|x64.ActiveCfg = Debug|Any CPU
		{E526C5D0-23A4-41B7-8C9D-2E4894DFD860}.Debug|x64.Build.0 = Debug|Any CPU
		{E526C5D0-23A4-41B7-8C9D-2E4894DFD860}.Debug|x86.ActiveCfg = Debug|Any CPU
		{E526C5D0-23A4-41B7-8C9D-2E4894DFD860}.Debug|x86.Build.0 = Debug|Any CPU
		{E526C5D0-23A4-41B7-8C9D-2E4894DFD860}.Release|Any CPU.ActiveCfg = Release|Any CPU
		{E526C5D0-23A4-41B7-8C9D-2E4894DFD860}.Release|Any CPU.Build.0 = Release|Any CPU
		{E526C5D0-23A4-41B7-8C9D-2E4894DFD860}.Release|x64.ActiveCfg = Release|Any CPU
		{E526C5D0-23A4-41B7-8C9D-2E4894DFD860}.Release|x64.Build.0 = Release|Any CPU
		{E526C5D0-23A4-41B7-8C9D-2E4894DFD860}.Release|x86.ActiveCfg = Release|Any CPU
		{E526C5D0-23A4-41B7-8C9D-2E4894DFD860}.Release|x86.Build.0 = Release|Any CPU
		{E479DB1A-0F3A-450F-AD28-5B32ADCF8DDF}.Debug|Any CPU.ActiveCfg = Debug|Any CPU
		{E479DB1A-0F3A-450F-AD28-5B32ADCF8DDF}.Debug|Any CPU.Build.0 = Debug|Any CPU
		{E479DB1A-0F3A-450F-AD28-5B32ADCF8DDF}.Debug|x64.ActiveCfg = Debug|Any CPU
		{E479DB1A-0F3A-450F-AD28-5B32ADCF8DDF}.Debug|x64.Build.0 = Debug|Any CPU
		{E479DB1A-0F3A-450F-AD28-5B32ADCF8DDF}.Debug|x86.ActiveCfg = Debug|Any CPU
		{E479DB1A-0F3A-450F-AD28-5B32ADCF8DDF}.Debug|x86.Build.0 = Debug|Any CPU
		{E479DB1A-0F3A-450F-AD28-5B32ADCF8DDF}.Release|Any CPU.ActiveCfg = Release|Any CPU
		{E479DB1A-0F3A-450F-AD28-5B32ADCF8DDF}.Release|Any CPU.Build.0 = Release|Any CPU
		{E479DB1A-0F3A-450F-AD28-5B32ADCF8DDF}.Release|x64.ActiveCfg = Release|Any CPU
		{E479DB1A-0F3A-450F-AD28-5B32ADCF8DDF}.Release|x64.Build.0 = Release|Any CPU
		{E479DB1A-0F3A-450F-AD28-5B32ADCF8DDF}.Release|x86.ActiveCfg = Release|Any CPU
		{E479DB1A-0F3A-450F-AD28-5B32ADCF8DDF}.Release|x86.Build.0 = Release|Any CPU
		{2A072366-A483-4A84-9C32-42242D032417}.Debug|Any CPU.ActiveCfg = Debug|Any CPU
		{2A072366-A483-4A84-9C32-42242D032417}.Debug|Any CPU.Build.0 = Debug|Any CPU
		{2A072366-A483-4A84-9C32-42242D032417}.Debug|x64.ActiveCfg = Debug|Any CPU
		{2A072366-A483-4A84-9C32-42242D032417}.Debug|x64.Build.0 = Debug|Any CPU
		{2A072366-A483-4A84-9C32-42242D032417}.Debug|x86.ActiveCfg = Debug|Any CPU
		{2A072366-A483-4A84-9C32-42242D032417}.Debug|x86.Build.0 = Debug|Any CPU
		{2A072366-A483-4A84-9C32-42242D032417}.Release|Any CPU.ActiveCfg = Release|Any CPU
		{2A072366-A483-4A84-9C32-42242D032417}.Release|Any CPU.Build.0 = Release|Any CPU
		{2A072366-A483-4A84-9C32-42242D032417}.Release|x64.ActiveCfg = Release|Any CPU
		{2A072366-A483-4A84-9C32-42242D032417}.Release|x64.Build.0 = Release|Any CPU
		{2A072366-A483-4A84-9C32-42242D032417}.Release|x86.ActiveCfg = Release|Any CPU
		{2A072366-A483-4A84-9C32-42242D032417}.Release|x86.Build.0 = Release|Any CPU
	EndGlobalSection
	GlobalSection(NestedProjects) = preSolution
		{BE80389E-3062-4A9A-A391-1ACDB3558712} = {AE654DB1-3EA5-47CA-9E3A-0F408646FE7F}
		{F15B9C13-04A6-4FCC-A761-6A36F8DD50C6} = {AE654DB1-3EA5-47CA-9E3A-0F408646FE7F}
		{45F259C0-7167-4284-B97A-B5D8B931FA3E} = {F15B9C13-04A6-4FCC-A761-6A36F8DD50C6}
		{54DDBC66-1494-42DA-9EBF-6CBFA4D5FE0C} = {F15B9C13-04A6-4FCC-A761-6A36F8DD50C6}
		{A787FF89-4A11-4A2E-85E2-A8408E014B59} = {AE654DB1-3EA5-47CA-9E3A-0F408646FE7F}
		{5792DD5F-A20F-41D3-B3FB-00F352A87CCD} = {AE654DB1-3EA5-47CA-9E3A-0F408646FE7F}
		{97CDAE94-D620-4572-A644-BA7B19E75EB0} = {5792DD5F-A20F-41D3-B3FB-00F352A87CCD}
		{6217BEE8-558A-4C44-AC14-D7AEDE6A3901} = {5792DD5F-A20F-41D3-B3FB-00F352A87CCD}
		{5A3DC798-4ACF-493D-83FE-A34D0D485CD6} = {5792DD5F-A20F-41D3-B3FB-00F352A87CCD}
		{3F96F731-B1B1-4A3A-BDF8-E00A5670103C} = {5A3DC798-4ACF-493D-83FE-A34D0D485CD6}
		{ADFE0A5A-B5D4-4006-A68E-06993A4EB2E0} = {5792DD5F-A20F-41D3-B3FB-00F352A87CCD}
		{7A1514C0-0DF2-494F-AA11-9CF93E25EF38} = {DA8BF806-59BE-4508-A739-395E9E97BAD5}
		{6A949EFC-D3E2-42C3-8FD0-03B7C979FF3C} = {7A1514C0-0DF2-494F-AA11-9CF93E25EF38}
		{E526C5D0-23A4-41B7-8C9D-2E4894DFD860} = {7A1514C0-0DF2-494F-AA11-9CF93E25EF38}
		{AF2DB880-963E-11EB-B952-951FE8543FFC} = {DA8BF806-59BE-4508-A739-395E9E97BAD5}
		{E479DB1A-0F3A-450F-AD28-5B32ADCF8DDF} = {AF2DB880-963E-11EB-B952-951FE8543FFC}
		{2A072366-A483-4A84-9C32-42242D032417} = {F15B9C13-04A6-4FCC-A761-6A36F8DD50C6}
	EndGlobalSection
EndGlobal
