
Microsoft Visual Studio Solution File, Format Version 12.00
# Visual Studio 15
VisualStudioVersion = 15.0.26124.0
MinimumVisualStudioVersion = 15.0.26124.0
Project("{2150E333-8FDC-42A3-9474-1A3956D46DE8}") = "src", "src", "{AE654DB1-3EA5-47CA-9E3A-0F408646FE7F}"
EndProject
Project("{FAE04EC0-301F-11D3-BF4B-00C04F79EFBC}") = "Megarender.Domain", "src\Megarender.Domain\Megarender.Domain.csproj", "{BE80389E-3062-4A9A-A391-1ACDB3558712}"
EndProject
Project("{2150E333-8FDC-42A3-9474-1A3956D46DE8}") = "Megarender.DataServices", "Megarender.DataServices", "{F15B9C13-04A6-4FCC-A761-6A36F8DD50C6}"
EndProject
Project("{FAE04EC0-301F-11D3-BF4B-00C04F79EFBC}") = "Megarender.DataBus", "src\Megarender.DataServices\Megarender.DataBus\Megarender.DataBus.csproj", "{45F259C0-7167-4284-B97A-B5D8B931FA3E}"
EndProject
Project("{FAE04EC0-301F-11D3-BF4B-00C04F79EFBC}") = "Megarender.DataStorage", "src\Megarender.DataServices\Megarender.DataStorage\Megarender.DataStorage.csproj", "{54DDBC66-1494-42DA-9EBF-6CBFA4D5FE0C}"
EndProject
Project("{FAE04EC0-301F-11D3-BF4B-00C04F79EFBC}") = "Megarender.Features", "src\Megarender.Features\Megarender.Features.csproj", "{A787FF89-4A11-4A2E-85E2-A8408E014B59}"
EndProject
Project("{2150E333-8FDC-42A3-9474-1A3956D46DE8}") = "Megarender.AppServices", "Megarender.AppServices", "{5792DD5F-A20F-41D3-B3FB-00F352A87CCD}"
EndProject
Project("{FAE04EC0-301F-11D3-BF4B-00C04F79EFBC}") = "Megarender.IdentityService", "src\Megarender.AppServices\Megarender.IdentityService\Megarender.IdentityService.csproj", "{97CDAE94-D620-4572-A644-BA7B19E75EB0}"
EndProject
Project("{2150E333-8FDC-42A3-9474-1A3956D46DE8}") = "Megarender.WorkerServices", "Megarender.WorkerServices", "{5A3DC798-4ACF-493D-83FE-A34D0D485CD6}"
EndProject
Project("{FAE04EC0-301F-11D3-BF4B-00C04F79EFBC}") = "Megarender.NotificationWorkerService", "src\Megarender.AppServices\Megarender.WorkerServices\Megarender.NotificationWorkerService\Megarender.NotificationWorkerService.csproj", "{3F96F731-B1B1-4A3A-BDF8-E00A5670103C}"
EndProject
Project("{FAE04EC0-301F-11D3-BF4B-00C04F79EFBC}") = "Megarender.StorageService", "src\Megarender.AppServices\Megarender.StorageService\Megarender.StorageService.csproj", "{ADFE0A5A-B5D4-4006-A68E-06993A4EB2E0}"
EndProject
Project("{2150E333-8FDC-42A3-9474-1A3956D46DE8}") = "tests", "tests", "{DA8BF806-59BE-4508-A739-395E9E97BAD5}"
EndProject
Project("{2150E333-8FDC-42A3-9474-1A3956D46DE8}") = "Megarender.Features.Tests", "Megarender.Features.Tests", "{7A1514C0-0DF2-494F-AA11-9CF93E25EF38}"
EndProject
Project("{FAE04EC0-301F-11D3-BF4B-00C04F79EFBC}") = "Megarender.Features.IntegrationTests", "tests\Megarender.Features.Tests\Megarender.Features.IntegrationTests\Megarender.Features.IntegrationTests.csproj", "{6A949EFC-D3E2-42C3-8FD0-03B7C979FF3C}"
EndProject
Project("{FAE04EC0-301F-11D3-BF4B-00C04F79EFBC}") = "Megarender.Features.UnitTests", "tests\Megarender.Features.Tests\Megarender.Features.UnitTests\Megarender.Features.UnitTests.csproj", "{E526C5D0-23A4-41B7-8C9D-2E4894DFD860}"
EndProject
Project("{FAE04EC0-301F-11D3-BF4B-00C04F79EFBC}") = "Megarender.DataAccess", "src\Megarender.DataServices\Megarender.DataAccess\Megarender.DataAccess.csproj", "{2A072366-A483-4A84-9C32-42242D032417}"
EndProject
Project("{FAE04EC0-301F-11D3-BF4B-00C04F79EFBC}") = "Megarender.ManagementService", "src\Megarender.AppServices\Megarender.ManagementService\Megarender.ManagementService.csproj", "{11B19AAC-7266-4B89-B987-134668E8A232}"
EndProject
Project("{FAE04EC0-301F-11D3-BF4B-00C04F79EFBC}") = "Megarender.WebServiceCore", "src\Megarender.AppServices\Megarender.WebServiceCore\Megarender.WebServiceCore.csproj", "{4136BB55-E2BF-4A47-84AA-CC6A7CF552AA}"
EndProject
Project("{FAE04EC0-301F-11D3-BF4B-00C04F79EFBC}") = "Megarender.TelegramWorkerService", "src\Megarender.AppServices\Megarender.WorkerServices\Megarender.TelegramWorkerService\Megarender.TelegramWorkerService.csproj", "{D38F8255-548D-4B01-81A7-0FC88BE7C020}"
EndProject
Project("{FAE04EC0-301F-11D3-BF4B-00C04F79EFBC}") = "Megarender.TelegramProvider", "src\Megarender.Providers\Megarender.TelegramProvider\Megarender.TelegramProvider.csproj", "{0614A856-EAB7-40AF-99F5-1FFF8B89241F}"
EndProject
Project("{FAE04EC0-301F-11D3-BF4B-00C04F79EFBC}") = "Megarender.SMSWorkerService", "src\Megarender.AppServices\Megarender.WorkerServices\Megarender.SMSWorkerService\Megarender.SMSWorkerService.csproj", "{33E99BCD-013B-4F12-A662-AD082F853B66}"
EndProject
Project("{FAE04EC0-301F-11D3-BF4B-00C04F79EFBC}") = "Megarender.SMSProvider", "src\Megarender.Providers\Megarender.SMSProvider\Megarender.SMSProvider.csproj", "{784ADF0F-23E5-4DE1-BA0A-A5DE80FA28D3}"
EndProject
Project("{2150E333-8FDC-42A3-9474-1A3956D46DE8}") = "Megarender.Providers", "Megarender.Providers", "{CB114B7D-9163-4AFA-954E-47211CE508FD}"
EndProject
Global
	GlobalSection(SolutionConfigurationPlatforms) = preSolution
		Debug|Any CPU = Debug|Any CPU
		Debug|x64 = Debug|x64
		Debug|x86 = Debug|x86
		Release|Any CPU = Release|Any CPU
		Release|x64 = Release|x64
		Release|x86 = Release|x86
	EndGlobalSection
	GlobalSection(SolutionProperties) = preSolution
		HideSolutionNode = FALSE
	EndGlobalSection
	GlobalSection(ProjectConfigurationPlatforms) = postSolution
		{BE80389E-3062-4A9A-A391-1ACDB3558712}.Debug|Any CPU.ActiveCfg = Debug|Any CPU
		{BE80389E-3062-4A9A-A391-1ACDB3558712}.Debug|Any CPU.Build.0 = Debug|Any CPU
		{BE80389E-3062-4A9A-A391-1ACDB3558712}.Debug|x64.ActiveCfg = Debug|Any CPU
		{BE80389E-3062-4A9A-A391-1ACDB3558712}.Debug|x64.Build.0 = Debug|Any CPU
		{BE80389E-3062-4A9A-A391-1ACDB3558712}.Debug|x86.ActiveCfg = Debug|Any CPU
		{BE80389E-3062-4A9A-A391-1ACDB3558712}.Debug|x86.Build.0 = Debug|Any CPU
		{BE80389E-3062-4A9A-A391-1ACDB3558712}.Release|Any CPU.ActiveCfg = Release|Any CPU
		{BE80389E-3062-4A9A-A391-1ACDB3558712}.Release|Any CPU.Build.0 = Release|Any CPU
		{BE80389E-3062-4A9A-A391-1ACDB3558712}.Release|x64.ActiveCfg = Release|Any CPU
		{BE80389E-3062-4A9A-A391-1ACDB3558712}.Release|x64.Build.0 = Release|Any CPU
		{BE80389E-3062-4A9A-A391-1ACDB3558712}.Release|x86.ActiveCfg = Release|Any CPU
		{BE80389E-3062-4A9A-A391-1ACDB3558712}.Release|x86.Build.0 = Release|Any CPU
		{45F259C0-7167-4284-B97A-B5D8B931FA3E}.Debug|Any CPU.ActiveCfg = Debug|Any CPU
		{45F259C0-7167-4284-B97A-B5D8B931FA3E}.Debug|Any CPU.Build.0 = Debug|Any CPU
		{45F259C0-7167-4284-B97A-B5D8B931FA3E}.Debug|x64.ActiveCfg = Debug|Any CPU
		{45F259C0-7167-4284-B97A-B5D8B931FA3E}.Debug|x64.Build.0 = Debug|Any CPU
		{45F259C0-7167-4284-B97A-B5D8B931FA3E}.Debug|x86.ActiveCfg = Debug|Any CPU
		{45F259C0-7167-4284-B97A-B5D8B931FA3E}.Debug|x86.Build.0 = Debug|Any CPU
		{45F259C0-7167-4284-B97A-B5D8B931FA3E}.Release|Any CPU.ActiveCfg = Release|Any CPU
		{45F259C0-7167-4284-B97A-B5D8B931FA3E}.Release|Any CPU.Build.0 = Release|Any CPU
		{45F259C0-7167-4284-B97A-B5D8B931FA3E}.Release|x64.ActiveCfg = Release|Any CPU
		{45F259C0-7167-4284-B97A-B5D8B931FA3E}.Release|x64.Build.0 = Release|Any CPU
		{45F259C0-7167-4284-B97A-B5D8B931FA3E}.Release|x86.ActiveCfg = Release|Any CPU
		{45F259C0-7167-4284-B97A-B5D8B931FA3E}.Release|x86.Build.0 = Release|Any CPU
		{54DDBC66-1494-42DA-9EBF-6CBFA4D5FE0C}.Debug|Any CPU.ActiveCfg = Debug|Any CPU
		{54DDBC66-1494-42DA-9EBF-6CBFA4D5FE0C}.Debug|Any CPU.Build.0 = Debug|Any CPU
		{54DDBC66-1494-42DA-9EBF-6CBFA4D5FE0C}.Debug|x64.ActiveCfg = Debug|Any CPU
		{54DDBC66-1494-42DA-9EBF-6CBFA4D5FE0C}.Debug|x64.Build.0 = Debug|Any CPU
		{54DDBC66-1494-42DA-9EBF-6CBFA4D5FE0C}.Debug|x86.ActiveCfg = Debug|Any CPU
		{54DDBC66-1494-42DA-9EBF-6CBFA4D5FE0C}.Debug|x86.Build.0 = Debug|Any CPU
		{54DDBC66-1494-42DA-9EBF-6CBFA4D5FE0C}.Release|Any CPU.ActiveCfg = Release|Any CPU
		{54DDBC66-1494-42DA-9EBF-6CBFA4D5FE0C}.Release|Any CPU.Build.0 = Release|Any CPU
		{54DDBC66-1494-42DA-9EBF-6CBFA4D5FE0C}.Release|x64.ActiveCfg = Release|Any CPU
		{54DDBC66-1494-42DA-9EBF-6CBFA4D5FE0C}.Release|x64.Build.0 = Release|Any CPU
		{54DDBC66-1494-42DA-9EBF-6CBFA4D5FE0C}.Release|x86.ActiveCfg = Release|Any CPU
		{54DDBC66-1494-42DA-9EBF-6CBFA4D5FE0C}.Release|x86.Build.0 = Release|Any CPU
		{A787FF89-4A11-4A2E-85E2-A8408E014B59}.Debug|Any CPU.ActiveCfg = Debug|Any CPU
		{A787FF89-4A11-4A2E-85E2-A8408E014B59}.Debug|Any CPU.Build.0 = Debug|Any CPU
		{A787FF89-4A11-4A2E-85E2-A8408E014B59}.Debug|x64.ActiveCfg = Debug|Any CPU
		{A787FF89-4A11-4A2E-85E2-A8408E014B59}.Debug|x64.Build.0 = Debug|Any CPU
		{A787FF89-4A11-4A2E-85E2-A8408E014B59}.Debug|x86.ActiveCfg = Debug|Any CPU
		{A787FF89-4A11-4A2E-85E2-A8408E014B59}.Debug|x86.Build.0 = Debug|Any CPU
		{A787FF89-4A11-4A2E-85E2-A8408E014B59}.Release|Any CPU.ActiveCfg = Release|Any CPU
		{A787FF89-4A11-4A2E-85E2-A8408E014B59}.Release|Any CPU.Build.0 = Release|Any CPU
		{A787FF89-4A11-4A2E-85E2-A8408E014B59}.Release|x64.ActiveCfg = Release|Any CPU
		{A787FF89-4A11-4A2E-85E2-A8408E014B59}.Release|x64.Build.0 = Release|Any CPU
		{A787FF89-4A11-4A2E-85E2-A8408E014B59}.Release|x86.ActiveCfg = Release|Any CPU
		{A787FF89-4A11-4A2E-85E2-A8408E014B59}.Release|x86.Build.0 = Release|Any CPU
		{97CDAE94-D620-4572-A644-BA7B19E75EB0}.Debug|Any CPU.ActiveCfg = Debug|Any CPU
		{97CDAE94-D620-4572-A644-BA7B19E75EB0}.Debug|Any CPU.Build.0 = Debug|Any CPU
		{97CDAE94-D620-4572-A644-BA7B19E75EB0}.Debug|x64.ActiveCfg = Debug|Any CPU
		{97CDAE94-D620-4572-A644-BA7B19E75EB0}.Debug|x64.Build.0 = Debug|Any CPU
		{97CDAE94-D620-4572-A644-BA7B19E75EB0}.Debug|x86.ActiveCfg = Debug|Any CPU
		{97CDAE94-D620-4572-A644-BA7B19E75EB0}.Debug|x86.Build.0 = Debug|Any CPU
		{97CDAE94-D620-4572-A644-BA7B19E75EB0}.Release|Any CPU.ActiveCfg = Release|Any CPU
		{97CDAE94-D620-4572-A644-BA7B19E75EB0}.Release|Any CPU.Build.0 = Release|Any CPU
		{97CDAE94-D620-4572-A644-BA7B19E75EB0}.Release|x64.ActiveCfg = Release|Any CPU
		{97CDAE94-D620-4572-A644-BA7B19E75EB0}.Release|x64.Build.0 = Release|Any CPU
		{97CDAE94-D620-4572-A644-BA7B19E75EB0}.Release|x86.ActiveCfg = Release|Any CPU
		{97CDAE94-D620-4572-A644-BA7B19E75EB0}.Release|x86.Build.0 = Release|Any CPU
		{3F96F731-B1B1-4A3A-BDF8-E00A5670103C}.Debug|Any CPU.ActiveCfg = Debug|Any CPU
		{3F96F731-B1B1-4A3A-BDF8-E00A5670103C}.Debug|Any CPU.Build.0 = Debug|Any CPU
		{3F96F731-B1B1-4A3A-BDF8-E00A5670103C}.Debug|x64.ActiveCfg = Debug|Any CPU
		{3F96F731-B1B1-4A3A-BDF8-E00A5670103C}.Debug|x64.Build.0 = Debug|Any CPU
		{3F96F731-B1B1-4A3A-BDF8-E00A5670103C}.Debug|x86.ActiveCfg = Debug|Any CPU
		{3F96F731-B1B1-4A3A-BDF8-E00A5670103C}.Debug|x86.Build.0 = Debug|Any CPU
		{3F96F731-B1B1-4A3A-BDF8-E00A5670103C}.Release|Any CPU.ActiveCfg = Release|Any CPU
		{3F96F731-B1B1-4A3A-BDF8-E00A5670103C}.Release|Any CPU.Build.0 = Release|Any CPU
		{3F96F731-B1B1-4A3A-BDF8-E00A5670103C}.Release|x64.ActiveCfg = Release|Any CPU
		{3F96F731-B1B1-4A3A-BDF8-E00A5670103C}.Release|x64.Build.0 = Release|Any CPU
		{3F96F731-B1B1-4A3A-BDF8-E00A5670103C}.Release|x86.ActiveCfg = Release|Any CPU
		{3F96F731-B1B1-4A3A-BDF8-E00A5670103C}.Release|x86.Build.0 = Release|Any CPU
		{ADFE0A5A-B5D4-4006-A68E-06993A4EB2E0}.Debug|Any CPU.ActiveCfg = Debug|Any CPU
		{ADFE0A5A-B5D4-4006-A68E-06993A4EB2E0}.Debug|Any CPU.Build.0 = Debug|Any CPU
		{ADFE0A5A-B5D4-4006-A68E-06993A4EB2E0}.Debug|x64.ActiveCfg = Debug|Any CPU
		{ADFE0A5A-B5D4-4006-A68E-06993A4EB2E0}.Debug|x64.Build.0 = Debug|Any CPU
		{ADFE0A5A-B5D4-4006-A68E-06993A4EB2E0}.Debug|x86.ActiveCfg = Debug|Any CPU
		{ADFE0A5A-B5D4-4006-A68E-06993A4EB2E0}.Debug|x86.Build.0 = Debug|Any CPU
		{ADFE0A5A-B5D4-4006-A68E-06993A4EB2E0}.Release|Any CPU.ActiveCfg = Release|Any CPU
		{ADFE0A5A-B5D4-4006-A68E-06993A4EB2E0}.Release|Any CPU.Build.0 = Release|Any CPU
		{ADFE0A5A-B5D4-4006-A68E-06993A4EB2E0}.Release|x64.ActiveCfg = Release|Any CPU
		{ADFE0A5A-B5D4-4006-A68E-06993A4EB2E0}.Release|x64.Build.0 = Release|Any CPU
		{ADFE0A5A-B5D4-4006-A68E-06993A4EB2E0}.Release|x86.ActiveCfg = Release|Any CPU
		{ADFE0A5A-B5D4-4006-A68E-06993A4EB2E0}.Release|x86.Build.0 = Release|Any CPU
		{6A949EFC-D3E2-42C3-8FD0-03B7C979FF3C}.Debug|Any CPU.ActiveCfg = Debug|Any CPU
		{6A949EFC-D3E2-42C3-8FD0-03B7C979FF3C}.Debug|Any CPU.Build.0 = Debug|Any CPU
		{6A949EFC-D3E2-42C3-8FD0-03B7C979FF3C}.Debug|x64.ActiveCfg = Debug|Any CPU
		{6A949EFC-D3E2-42C3-8FD0-03B7C979FF3C}.Debug|x64.Build.0 = Debug|Any CPU
		{6A949EFC-D3E2-42C3-8FD0-03B7C979FF3C}.Debug|x86.ActiveCfg = Debug|Any CPU
		{6A949EFC-D3E2-42C3-8FD0-03B7C979FF3C}.Debug|x86.Build.0 = Debug|Any CPU
		{6A949EFC-D3E2-42C3-8FD0-03B7C979FF3C}.Release|Any CPU.ActiveCfg = Release|Any CPU
		{6A949EFC-D3E2-42C3-8FD0-03B7C979FF3C}.Release|Any CPU.Build.0 = Release|Any CPU
		{6A949EFC-D3E2-42C3-8FD0-03B7C979FF3C}.Release|x64.ActiveCfg = Release|Any CPU
		{6A949EFC-D3E2-42C3-8FD0-03B7C979FF3C}.Release|x64.Build.0 = Release|Any CPU
		{6A949EFC-D3E2-42C3-8FD0-03B7C979FF3C}.Release|x86.ActiveCfg = Release|Any CPU
		{6A949EFC-D3E2-42C3-8FD0-03B7C979FF3C}.Release|x86.Build.0 = Release|Any CPU
		{E526C5D0-23A4-41B7-8C9D-2E4894DFD860}.Debug|Any CPU.ActiveCfg = Debug|Any CPU
		{E526C5D0-23A4-41B7-8C9D-2E4894DFD860}.Debug|Any CPU.Build.0 = Debug|Any CPU
		{E526C5D0-23A4-41B7-8C9D-2E4894DFD860}.Debug|x64.ActiveCfg = Debug|Any CPU
		{E526C5D0-23A4-41B7-8C9D-2E4894DFD860}.Debug|x64.Build.0 = Debug|Any CPU
		{E526C5D0-23A4-41B7-8C9D-2E4894DFD860}.Debug|x86.ActiveCfg = Debug|Any CPU
		{E526C5D0-23A4-41B7-8C9D-2E4894DFD860}.Debug|x86.Build.0 = Debug|Any CPU
		{E526C5D0-23A4-41B7-8C9D-2E4894DFD860}.Release|Any CPU.ActiveCfg = Release|Any CPU
		{E526C5D0-23A4-41B7-8C9D-2E4894DFD860}.Release|Any CPU.Build.0 = Release|Any CPU
		{E526C5D0-23A4-41B7-8C9D-2E4894DFD860}.Release|x64.ActiveCfg = Release|Any CPU
		{E526C5D0-23A4-41B7-8C9D-2E4894DFD860}.Release|x64.Build.0 = Release|Any CPU
		{E526C5D0-23A4-41B7-8C9D-2E4894DFD860}.Release|x86.ActiveCfg = Release|Any CPU
		{E526C5D0-23A4-41B7-8C9D-2E4894DFD860}.Release|x86.Build.0 = Release|Any CPU
		{2A072366-A483-4A84-9C32-42242D032417}.Debug|Any CPU.ActiveCfg = Debug|Any CPU
		{2A072366-A483-4A84-9C32-42242D032417}.Debug|Any CPU.Build.0 = Debug|Any CPU
		{2A072366-A483-4A84-9C32-42242D032417}.Debug|x64.ActiveCfg = Debug|Any CPU
		{2A072366-A483-4A84-9C32-42242D032417}.Debug|x64.Build.0 = Debug|Any CPU
		{2A072366-A483-4A84-9C32-42242D032417}.Debug|x86.ActiveCfg = Debug|Any CPU
		{2A072366-A483-4A84-9C32-42242D032417}.Debug|x86.Build.0 = Debug|Any CPU
		{2A072366-A483-4A84-9C32-42242D032417}.Release|Any CPU.ActiveCfg = Release|Any CPU
		{2A072366-A483-4A84-9C32-42242D032417}.Release|Any CPU.Build.0 = Release|Any CPU
		{2A072366-A483-4A84-9C32-42242D032417}.Release|x64.ActiveCfg = Release|Any CPU
		{2A072366-A483-4A84-9C32-42242D032417}.Release|x64.Build.0 = Release|Any CPU
		{2A072366-A483-4A84-9C32-42242D032417}.Release|x86.ActiveCfg = Release|Any CPU
		{2A072366-A483-4A84-9C32-42242D032417}.Release|x86.Build.0 = Release|Any CPU
		{11B19AAC-7266-4B89-B987-134668E8A232}.Debug|Any CPU.ActiveCfg = Debug|Any CPU
		{11B19AAC-7266-4B89-B987-134668E8A232}.Debug|Any CPU.Build.0 = Debug|Any CPU
		{11B19AAC-7266-4B89-B987-134668E8A232}.Debug|x64.ActiveCfg = Debug|Any CPU
		{11B19AAC-7266-4B89-B987-134668E8A232}.Debug|x64.Build.0 = Debug|Any CPU
		{11B19AAC-7266-4B89-B987-134668E8A232}.Debug|x86.ActiveCfg = Debug|Any CPU
		{11B19AAC-7266-4B89-B987-134668E8A232}.Debug|x86.Build.0 = Debug|Any CPU
		{11B19AAC-7266-4B89-B987-134668E8A232}.Release|Any CPU.ActiveCfg = Release|Any CPU
		{11B19AAC-7266-4B89-B987-134668E8A232}.Release|Any CPU.Build.0 = Release|Any CPU
		{11B19AAC-7266-4B89-B987-134668E8A232}.Release|x64.ActiveCfg = Release|Any CPU
		{11B19AAC-7266-4B89-B987-134668E8A232}.Release|x64.Build.0 = Release|Any CPU
		{11B19AAC-7266-4B89-B987-134668E8A232}.Release|x86.ActiveCfg = Release|Any CPU
		{11B19AAC-7266-4B89-B987-134668E8A232}.Release|x86.Build.0 = Release|Any CPU
		{4136BB55-E2BF-4A47-84AA-CC6A7CF552AA}.Debug|Any CPU.ActiveCfg = Debug|Any CPU
		{4136BB55-E2BF-4A47-84AA-CC6A7CF552AA}.Debug|Any CPU.Build.0 = Debug|Any CPU
		{4136BB55-E2BF-4A47-84AA-CC6A7CF552AA}.Debug|x64.ActiveCfg = Debug|Any CPU
		{4136BB55-E2BF-4A47-84AA-CC6A7CF552AA}.Debug|x64.Build.0 = Debug|Any CPU
		{4136BB55-E2BF-4A47-84AA-CC6A7CF552AA}.Debug|x86.ActiveCfg = Debug|Any CPU
		{4136BB55-E2BF-4A47-84AA-CC6A7CF552AA}.Debug|x86.Build.0 = Debug|Any CPU
		{4136BB55-E2BF-4A47-84AA-CC6A7CF552AA}.Release|Any CPU.ActiveCfg = Release|Any CPU
		{4136BB55-E2BF-4A47-84AA-CC6A7CF552AA}.Release|Any CPU.Build.0 = Release|Any CPU
		{4136BB55-E2BF-4A47-84AA-CC6A7CF552AA}.Release|x64.ActiveCfg = Release|Any CPU
		{4136BB55-E2BF-4A47-84AA-CC6A7CF552AA}.Release|x64.Build.0 = Release|Any CPU
		{4136BB55-E2BF-4A47-84AA-CC6A7CF552AA}.Release|x86.ActiveCfg = Release|Any CPU
		{4136BB55-E2BF-4A47-84AA-CC6A7CF552AA}.Release|x86.Build.0 = Release|Any CPU
		{D38F8255-548D-4B01-81A7-0FC88BE7C020}.Debug|Any CPU.ActiveCfg = Debug|Any CPU
		{D38F8255-548D-4B01-81A7-0FC88BE7C020}.Debug|Any CPU.Build.0 = Debug|Any CPU
		{D38F8255-548D-4B01-81A7-0FC88BE7C020}.Debug|x64.ActiveCfg = Debug|Any CPU
		{D38F8255-548D-4B01-81A7-0FC88BE7C020}.Debug|x64.Build.0 = Debug|Any CPU
		{D38F8255-548D-4B01-81A7-0FC88BE7C020}.Debug|x86.ActiveCfg = Debug|Any CPU
		{D38F8255-548D-4B01-81A7-0FC88BE7C020}.Debug|x86.Build.0 = Debug|Any CPU
		{D38F8255-548D-4B01-81A7-0FC88BE7C020}.Release|Any CPU.ActiveCfg = Release|Any CPU
		{D38F8255-548D-4B01-81A7-0FC88BE7C020}.Release|Any CPU.Build.0 = Release|Any CPU
		{D38F8255-548D-4B01-81A7-0FC88BE7C020}.Release|x64.ActiveCfg = Release|Any CPU
		{D38F8255-548D-4B01-81A7-0FC88BE7C020}.Release|x64.Build.0 = Release|Any CPU
		{D38F8255-548D-4B01-81A7-0FC88BE7C020}.Release|x86.ActiveCfg = Release|Any CPU
		{D38F8255-548D-4B01-81A7-0FC88BE7C020}.Release|x86.Build.0 = Release|Any CPU
		{0614A856-EAB7-40AF-99F5-1FFF8B89241F}.Debug|Any CPU.ActiveCfg = Debug|Any CPU
		{0614A856-EAB7-40AF-99F5-1FFF8B89241F}.Debug|Any CPU.Build.0 = Debug|Any CPU
		{0614A856-EAB7-40AF-99F5-1FFF8B89241F}.Debug|x64.ActiveCfg = Debug|Any CPU
		{0614A856-EAB7-40AF-99F5-1FFF8B89241F}.Debug|x64.Build.0 = Debug|Any CPU
		{0614A856-EAB7-40AF-99F5-1FFF8B89241F}.Debug|x86.ActiveCfg = Debug|Any CPU
		{0614A856-EAB7-40AF-99F5-1FFF8B89241F}.Debug|x86.Build.0 = Debug|Any CPU
		{0614A856-EAB7-40AF-99F5-1FFF8B89241F}.Release|Any CPU.ActiveCfg = Release|Any CPU
		{0614A856-EAB7-40AF-99F5-1FFF8B89241F}.Release|Any CPU.Build.0 = Release|Any CPU
		{0614A856-EAB7-40AF-99F5-1FFF8B89241F}.Release|x64.ActiveCfg = Release|Any CPU
		{0614A856-EAB7-40AF-99F5-1FFF8B89241F}.Release|x64.Build.0 = Release|Any CPU
		{0614A856-EAB7-40AF-99F5-1FFF8B89241F}.Release|x86.ActiveCfg = Release|Any CPU
		{0614A856-EAB7-40AF-99F5-1FFF8B89241F}.Release|x86.Build.0 = Release|Any CPU
		{33E99BCD-013B-4F12-A662-AD082F853B66}.Debug|Any CPU.ActiveCfg = Debug|Any CPU
		{33E99BCD-013B-4F12-A662-AD082F853B66}.Debug|Any CPU.Build.0 = Debug|Any CPU
		{33E99BCD-013B-4F12-A662-AD082F853B66}.Debug|x64.ActiveCfg = Debug|Any CPU
		{33E99BCD-013B-4F12-A662-AD082F853B66}.Debug|x64.Build.0 = Debug|Any CPU
		{33E99BCD-013B-4F12-A662-AD082F853B66}.Debug|x86.ActiveCfg = Debug|Any CPU
		{33E99BCD-013B-4F12-A662-AD082F853B66}.Debug|x86.Build.0 = Debug|Any CPU
		{33E99BCD-013B-4F12-A662-AD082F853B66}.Release|Any CPU.ActiveCfg = Release|Any CPU
		{33E99BCD-013B-4F12-A662-AD082F853B66}.Release|Any CPU.Build.0 = Release|Any CPU
		{33E99BCD-013B-4F12-A662-AD082F853B66}.Release|x64.ActiveCfg = Release|Any CPU
		{33E99BCD-013B-4F12-A662-AD082F853B66}.Release|x64.Build.0 = Release|Any CPU
		{33E99BCD-013B-4F12-A662-AD082F853B66}.Release|x86.ActiveCfg = Release|Any CPU
		{33E99BCD-013B-4F12-A662-AD082F853B66}.Release|x86.Build.0 = Release|Any CPU
		{784ADF0F-23E5-4DE1-BA0A-A5DE80FA28D3}.Debug|Any CPU.ActiveCfg = Debug|Any CPU
		{784ADF0F-23E5-4DE1-BA0A-A5DE80FA28D3}.Debug|Any CPU.Build.0 = Debug|Any CPU
		{784ADF0F-23E5-4DE1-BA0A-A5DE80FA28D3}.Debug|x64.ActiveCfg = Debug|Any CPU
		{784ADF0F-23E5-4DE1-BA0A-A5DE80FA28D3}.Debug|x64.Build.0 = Debug|Any CPU
		{784ADF0F-23E5-4DE1-BA0A-A5DE80FA28D3}.Debug|x86.ActiveCfg = Debug|Any CPU
		{784ADF0F-23E5-4DE1-BA0A-A5DE80FA28D3}.Debug|x86.Build.0 = Debug|Any CPU
		{784ADF0F-23E5-4DE1-BA0A-A5DE80FA28D3}.Release|Any CPU.ActiveCfg = Release|Any CPU
		{784ADF0F-23E5-4DE1-BA0A-A5DE80FA28D3}.Release|Any CPU.Build.0 = Release|Any CPU
		{784ADF0F-23E5-4DE1-BA0A-A5DE80FA28D3}.Release|x64.ActiveCfg = Release|Any CPU
		{784ADF0F-23E5-4DE1-BA0A-A5DE80FA28D3}.Release|x64.Build.0 = Release|Any CPU
		{784ADF0F-23E5-4DE1-BA0A-A5DE80FA28D3}.Release|x86.ActiveCfg = Release|Any CPU
		{784ADF0F-23E5-4DE1-BA0A-A5DE80FA28D3}.Release|x86.Build.0 = Release|Any CPU
	EndGlobalSection
	GlobalSection(NestedProjects) = preSolution
		{BE80389E-3062-4A9A-A391-1ACDB3558712} = {AE654DB1-3EA5-47CA-9E3A-0F408646FE7F}
		{F15B9C13-04A6-4FCC-A761-6A36F8DD50C6} = {AE654DB1-3EA5-47CA-9E3A-0F408646FE7F}
		{45F259C0-7167-4284-B97A-B5D8B931FA3E} = {F15B9C13-04A6-4FCC-A761-6A36F8DD50C6}
		{54DDBC66-1494-42DA-9EBF-6CBFA4D5FE0C} = {F15B9C13-04A6-4FCC-A761-6A36F8DD50C6}
		{A787FF89-4A11-4A2E-85E2-A8408E014B59} = {AE654DB1-3EA5-47CA-9E3A-0F408646FE7F}
		{5792DD5F-A20F-41D3-B3FB-00F352A87CCD} = {AE654DB1-3EA5-47CA-9E3A-0F408646FE7F}
		{97CDAE94-D620-4572-A644-BA7B19E75EB0} = {5792DD5F-A20F-41D3-B3FB-00F352A87CCD}
		{5A3DC798-4ACF-493D-83FE-A34D0D485CD6} = {5792DD5F-A20F-41D3-B3FB-00F352A87CCD}
		{3F96F731-B1B1-4A3A-BDF8-E00A5670103C} = {5A3DC798-4ACF-493D-83FE-A34D0D485CD6}
		{ADFE0A5A-B5D4-4006-A68E-06993A4EB2E0} = {5792DD5F-A20F-41D3-B3FB-00F352A87CCD}
		{7A1514C0-0DF2-494F-AA11-9CF93E25EF38} = {DA8BF806-59BE-4508-A739-395E9E97BAD5}
		{6A949EFC-D3E2-42C3-8FD0-03B7C979FF3C} = {7A1514C0-0DF2-494F-AA11-9CF93E25EF38}
		{E526C5D0-23A4-41B7-8C9D-2E4894DFD860} = {7A1514C0-0DF2-494F-AA11-9CF93E25EF38}
		{2A072366-A483-4A84-9C32-42242D032417} = {F15B9C13-04A6-4FCC-A761-6A36F8DD50C6}
		{11B19AAC-7266-4B89-B987-134668E8A232} = {5792DD5F-A20F-41D3-B3FB-00F352A87CCD}
		{4136BB55-E2BF-4A47-84AA-CC6A7CF552AA} = {5792DD5F-A20F-41D3-B3FB-00F352A87CCD}
		{D38F8255-548D-4B01-81A7-0FC88BE7C020} = {5A3DC798-4ACF-493D-83FE-A34D0D485CD6}
		{33E99BCD-013B-4F12-A662-AD082F853B66} = {5A3DC798-4ACF-493D-83FE-A34D0D485CD6}
		{CB114B7D-9163-4AFA-954E-47211CE508FD} = {AE654DB1-3EA5-47CA-9E3A-0F408646FE7F}
		{784ADF0F-23E5-4DE1-BA0A-A5DE80FA28D3} = {CB114B7D-9163-4AFA-954E-47211CE508FD}
		{0614A856-EAB7-40AF-99F5-1FFF8B89241F} = {CB114B7D-9163-4AFA-954E-47211CE508FD}
	EndGlobalSection
EndGlobal
